// !$*UTF8*$!
{
	archiveVersion = 1;
	classes = {
	};
	objectVersion = 46;
	objects = {

/* Begin PBXBuildFile section */
		012131E41ABF9C6300B3BDF3 /* Icon-100.png in Resources */ = {isa = PBXBuildFile; fileRef = 012131C81ABF9C6300B3BDF3 /* Icon-100.png */; };
		012131E51ABF9C6300B3BDF3 /* Icon-120.png in Resources */ = {isa = PBXBuildFile; fileRef = 012131C91ABF9C6300B3BDF3 /* Icon-120.png */; };
		012131E61ABF9C6300B3BDF3 /* Icon-152.png in Resources */ = {isa = PBXBuildFile; fileRef = 012131CA1ABF9C6300B3BDF3 /* Icon-152.png */; };
		012131E71ABF9C6300B3BDF3 /* Icon-29.png in Resources */ = {isa = PBXBuildFile; fileRef = 012131CB1ABF9C6300B3BDF3 /* Icon-29.png */; };
		012131E81ABF9C6300B3BDF3 /* Icon-40.png in Resources */ = {isa = PBXBuildFile; fileRef = 012131CC1ABF9C6300B3BDF3 /* Icon-40.png */; };
		012131E91ABF9C6300B3BDF3 /* Icon-40@2x.png in Resources */ = {isa = PBXBuildFile; fileRef = 012131CD1ABF9C6300B3BDF3 /* Icon-40@2x.png */; };
		012131EA1ABF9C6300B3BDF3 /* Icon-50.png in Resources */ = {isa = PBXBuildFile; fileRef = 012131CE1ABF9C6300B3BDF3 /* Icon-50.png */; };
		012131EB1ABF9C6300B3BDF3 /* Icon-58.png in Resources */ = {isa = PBXBuildFile; fileRef = 012131CF1ABF9C6300B3BDF3 /* Icon-58.png */; };
		012131EC1ABF9C6300B3BDF3 /* Icon-60.png in Resources */ = {isa = PBXBuildFile; fileRef = 012131D01ABF9C6300B3BDF3 /* Icon-60.png */; };
		012131ED1ABF9C6300B3BDF3 /* Icon-72.png in Resources */ = {isa = PBXBuildFile; fileRef = 012131D11ABF9C6300B3BDF3 /* Icon-72.png */; };
		012131EE1ABF9C6300B3BDF3 /* Icon-72@2x.png in Resources */ = {isa = PBXBuildFile; fileRef = 012131D21ABF9C6300B3BDF3 /* Icon-72@2x.png */; };
		012131EF1ABF9C6300B3BDF3 /* Icon-76.png in Resources */ = {isa = PBXBuildFile; fileRef = 012131D31ABF9C6300B3BDF3 /* Icon-76.png */; };
		012131F01ABF9C6300B3BDF3 /* Icon-80.png in Resources */ = {isa = PBXBuildFile; fileRef = 012131D41ABF9C6300B3BDF3 /* Icon-80.png */; };
		012131F11ABF9C6300B3BDF3 /* Icon.png in Resources */ = {isa = PBXBuildFile; fileRef = 012131D51ABF9C6300B3BDF3 /* Icon.png */; };
		012131F21ABF9C6300B3BDF3 /* Icon@2x.png in Resources */ = {isa = PBXBuildFile; fileRef = 012131D61ABF9C6300B3BDF3 /* Icon@2x.png */; };
		012131F31ABF9C6300B3BDF3 /* Default-568h@2x~iphone_640x1136.png in Resources */ = {isa = PBXBuildFile; fileRef = 012131D81ABF9C6300B3BDF3 /* Default-568h@2x~iphone_640x1136.png */; };
		012131F41ABF9C6300B3BDF3 /* Default-Landscape@2x~ipad_2048x1496.png in Resources */ = {isa = PBXBuildFile; fileRef = 012131D91ABF9C6300B3BDF3 /* Default-Landscape@2x~ipad_2048x1496.png */; };
		012131F51ABF9C6300B3BDF3 /* Default-Landscape@2x~ipad_2048x1536.png in Resources */ = {isa = PBXBuildFile; fileRef = 012131DA1ABF9C6300B3BDF3 /* Default-Landscape@2x~ipad_2048x1536.png */; };
		012131F61ABF9C6300B3BDF3 /* Default-Landscape~ipad_1024x748.png in Resources */ = {isa = PBXBuildFile; fileRef = 012131DB1ABF9C6300B3BDF3 /* Default-Landscape~ipad_1024x748.png */; };
		012131F71ABF9C6300B3BDF3 /* Default-Landscape~ipad_1024x768.png in Resources */ = {isa = PBXBuildFile; fileRef = 012131DC1ABF9C6300B3BDF3 /* Default-Landscape~ipad_1024x768.png */; };
		012131F81ABF9C6300B3BDF3 /* Default-Portrait@2x~ipad_1536x2008.png in Resources */ = {isa = PBXBuildFile; fileRef = 012131DD1ABF9C6300B3BDF3 /* Default-Portrait@2x~ipad_1536x2008.png */; };
		012131F91ABF9C6300B3BDF3 /* Default-Portrait@2x~ipad_1536x2048.png in Resources */ = {isa = PBXBuildFile; fileRef = 012131DE1ABF9C6300B3BDF3 /* Default-Portrait@2x~ipad_1536x2048.png */; };
		012131FA1ABF9C6300B3BDF3 /* Default-Portrait~ipad_768x1024.png in Resources */ = {isa = PBXBuildFile; fileRef = 012131DF1ABF9C6300B3BDF3 /* Default-Portrait~ipad_768x1024.png */; };
		012131FB1ABF9C6300B3BDF3 /* Default.png in Resources */ = {isa = PBXBuildFile; fileRef = 012131E01ABF9C6300B3BDF3 /* Default.png */; };
		012131FC1ABF9C6300B3BDF3 /* Default@2x~iphone_640x960.png in Resources */ = {isa = PBXBuildFile; fileRef = 012131E11ABF9C6300B3BDF3 /* Default@2x~iphone_640x960.png */; };
		012131FD1ABF9C6300B3BDF3 /* Default~ipad.png in Resources */ = {isa = PBXBuildFile; fileRef = 012131E21ABF9C6300B3BDF3 /* Default~ipad.png */; };
		012131FE1ABF9C6300B3BDF3 /* Default~iphone.png in Resources */ = {isa = PBXBuildFile; fileRef = 012131E31ABF9C6300B3BDF3 /* Default~iphone.png */; };
		013063061B11460400DDCCFC /* DF1CellDistance.m in Sources */ = {isa = PBXBuildFile; fileRef = 013063051B11460400DDCCFC /* DF1CellDistance.m */; };
		0131D41B1AD5EBFA00D479F9 /* on.png in Resources */ = {isa = PBXBuildFile; fileRef = 0131D4171AD5EBFA00D479F9 /* on.png */; };
		0131D41C1AD5EBFA00D479F9 /* off.png in Resources */ = {isa = PBXBuildFile; fileRef = 0131D4181AD5EBFA00D479F9 /* off.png */; };
		0131D41D1AD5EBFA00D479F9 /* on@2x.png in Resources */ = {isa = PBXBuildFile; fileRef = 0131D4191AD5EBFA00D479F9 /* on@2x.png */; };
		0131D41E1AD5EBFA00D479F9 /* off@2x.png in Resources */ = {isa = PBXBuildFile; fileRef = 0131D41A1AD5EBFA00D479F9 /* off@2x.png */; };
		0134C6511B2E07C700AF926B /* DFLogoRed@2x.png in Resources */ = {isa = PBXBuildFile; fileRef = 0134C6501B2E07C700AF926B /* DFLogoRed@2x.png */; };
		0134C6561B2E2B9B00AF926B /* BuyNowRed@2x.png in Resources */ = {isa = PBXBuildFile; fileRef = 0134C6541B2E2B9B00AF926B /* BuyNowRed@2x.png */; };
		0134C6571B2E2B9B00AF926B /* DF1Red@2x.png in Resources */ = {isa = PBXBuildFile; fileRef = 0134C6551B2E2B9B00AF926B /* DF1Red@2x.png */; };
		015627D11CEBAAE60096BB42 /* DF1FeaturePickerCell.m in Sources */ = {isa = PBXBuildFile; fileRef = 015627D01CEBAAE60096BB42 /* DF1FeaturePickerCell.m */; };
		015627D41CEBAFAF0096BB42 /* DF1FeatureTitleCell.m in Sources */ = {isa = PBXBuildFile; fileRef = 015627D31CEBAFAF0096BB42 /* DF1FeatureTitleCell.m */; };
		0159C0591AD34AC7003EF1A5 /* UIColor+DF1Colors.m in Sources */ = {isa = PBXBuildFile; fileRef = 0159C0581AD34AC7003EF1A5 /* UIColor+DF1Colors.m */; };
		018159191CFC13FA000355DE /* deleteCaseBtn@2x.png in Resources */ = {isa = PBXBuildFile; fileRef = 018159181CFC13FA000355DE /* deleteCaseBtn@2x.png */; };
		0194EFC41D88DC2400A87CBB /* DF1CellFlip.m in Sources */ = {isa = PBXBuildFile; fileRef = 0194EFC31D88DC2400A87CBB /* DF1CellFlip.m */; };
		01955BD91B1BF4FB00CA7DD7 /* IFTTTAlphaAnimation.m in Sources */ = {isa = PBXBuildFile; fileRef = 01955BBB1B1BF4FB00CA7DD7 /* IFTTTAlphaAnimation.m */; };
		01955BDA1B1BF4FB00CA7DD7 /* IFTTTAngleAnimation.m in Sources */ = {isa = PBXBuildFile; fileRef = 01955BBD1B1BF4FB00CA7DD7 /* IFTTTAngleAnimation.m */; };
		01955BDB1B1BF4FB00CA7DD7 /* IFTTTAnimatedScrollViewController.m in Sources */ = {isa = PBXBuildFile; fileRef = 01955BBF1B1BF4FB00CA7DD7 /* IFTTTAnimatedScrollViewController.m */; };
		01955BDC1B1BF4FB00CA7DD7 /* IFTTTAnimation.m in Sources */ = {isa = PBXBuildFile; fileRef = 01955BC11B1BF4FB00CA7DD7 /* IFTTTAnimation.m */; };
		01955BDD1B1BF4FB00CA7DD7 /* IFTTTAnimationFrame.m in Sources */ = {isa = PBXBuildFile; fileRef = 01955BC31B1BF4FB00CA7DD7 /* IFTTTAnimationFrame.m */; };
		01955BDE1B1BF4FB00CA7DD7 /* IFTTTAnimationKeyFrame.m in Sources */ = {isa = PBXBuildFile; fileRef = 01955BC51B1BF4FB00CA7DD7 /* IFTTTAnimationKeyFrame.m */; };
		01955BDF1B1BF4FB00CA7DD7 /* IFTTTAnimator.m in Sources */ = {isa = PBXBuildFile; fileRef = 01955BC71B1BF4FB00CA7DD7 /* IFTTTAnimator.m */; };
		01955BE01B1BF4FB00CA7DD7 /* IFTTTColorAnimation.m in Sources */ = {isa = PBXBuildFile; fileRef = 01955BC91B1BF4FB00CA7DD7 /* IFTTTColorAnimation.m */; };
		01955BE11B1BF4FB00CA7DD7 /* IFTTTConstraintsAnimation.m in Sources */ = {isa = PBXBuildFile; fileRef = 01955BCB1B1BF4FB00CA7DD7 /* IFTTTConstraintsAnimation.m */; };
		01955BE21B1BF4FB00CA7DD7 /* IFTTTCornerRadiusAnimation.m in Sources */ = {isa = PBXBuildFile; fileRef = 01955BCD1B1BF4FB00CA7DD7 /* IFTTTCornerRadiusAnimation.m */; };
		01955BE31B1BF4FB00CA7DD7 /* IFTTTEasingFunction.m in Sources */ = {isa = PBXBuildFile; fileRef = 01955BCF1B1BF4FB00CA7DD7 /* IFTTTEasingFunction.m */; };
		01955BE41B1BF4FB00CA7DD7 /* IFTTTFrameAnimation.m in Sources */ = {isa = PBXBuildFile; fileRef = 01955BD11B1BF4FB00CA7DD7 /* IFTTTFrameAnimation.m */; };
		01955BE51B1BF4FB00CA7DD7 /* IFTTTHideAnimation.m in Sources */ = {isa = PBXBuildFile; fileRef = 01955BD31B1BF4FB00CA7DD7 /* IFTTTHideAnimation.m */; };
		01955BE61B1BF4FB00CA7DD7 /* IFTTTScaleAnimation.m in Sources */ = {isa = PBXBuildFile; fileRef = 01955BD61B1BF4FB00CA7DD7 /* IFTTTScaleAnimation.m */; };
		01955BE71B1BF4FB00CA7DD7 /* IFTTTTransform3DAnimation.m in Sources */ = {isa = PBXBuildFile; fileRef = 01955BD81B1BF4FB00CA7DD7 /* IFTTTTransform3DAnimation.m */; };
		01A2E2FA1C0295B6002B0EB7 /* DF1CellFreefall.m in Sources */ = {isa = PBXBuildFile; fileRef = 01A2E2F81C0295B6002B0EB7 /* DF1CellFreefall.m */; };
		01B0BE121C854EF4004F80AD /* noDevices@2x.png in Resources */ = {isa = PBXBuildFile; fileRef = 01B0BE111C854EF4004F80AD /* noDevices@2x.png */; };
		01EA75B11AD05F0B0099FF52 /* Default-568h@2x~iphone_640x1136.png in Resources */ = {isa = PBXBuildFile; fileRef = 01EA75A51AD05F0B0099FF52 /* Default-568h@2x~iphone_640x1136.png */; };
		01EA75B21AD05F0B0099FF52 /* Default-Landscape@2x~ipad_2048x1496.png in Resources */ = {isa = PBXBuildFile; fileRef = 01EA75A61AD05F0B0099FF52 /* Default-Landscape@2x~ipad_2048x1496.png */; };
		01EA75B31AD05F0B0099FF52 /* Default-Landscape@2x~ipad_2048x1536.png in Resources */ = {isa = PBXBuildFile; fileRef = 01EA75A71AD05F0B0099FF52 /* Default-Landscape@2x~ipad_2048x1536.png */; };
		01EA75B41AD05F0B0099FF52 /* Default-Landscape~ipad_1024x748.png in Resources */ = {isa = PBXBuildFile; fileRef = 01EA75A81AD05F0B0099FF52 /* Default-Landscape~ipad_1024x748.png */; };
		01EA75B51AD05F0B0099FF52 /* Default-Landscape~ipad_1024x768.png in Resources */ = {isa = PBXBuildFile; fileRef = 01EA75A91AD05F0B0099FF52 /* Default-Landscape~ipad_1024x768.png */; };
		01EA75B61AD05F0B0099FF52 /* Default-Portrait@2x~ipad_1536x2008.png in Resources */ = {isa = PBXBuildFile; fileRef = 01EA75AA1AD05F0B0099FF52 /* Default-Portrait@2x~ipad_1536x2008.png */; };
		01EA75B71AD05F0B0099FF52 /* Default-Portrait@2x~ipad_1536x2048.png in Resources */ = {isa = PBXBuildFile; fileRef = 01EA75AB1AD05F0B0099FF52 /* Default-Portrait@2x~ipad_1536x2048.png */; };
		01EA75B81AD05F0B0099FF52 /* Default-Portrait~ipad_768x1024.png in Resources */ = {isa = PBXBuildFile; fileRef = 01EA75AC1AD05F0B0099FF52 /* Default-Portrait~ipad_768x1024.png */; };
		01EA75B91AD05F0B0099FF52 /* Default.png in Resources */ = {isa = PBXBuildFile; fileRef = 01EA75AD1AD05F0B0099FF52 /* Default.png */; };
		01EA75BA1AD05F0B0099FF52 /* Default@2x~iphone_640x960.png in Resources */ = {isa = PBXBuildFile; fileRef = 01EA75AE1AD05F0B0099FF52 /* Default@2x~iphone_640x960.png */; };
		01EA75BB1AD05F0B0099FF52 /* Default~ipad.png in Resources */ = {isa = PBXBuildFile; fileRef = 01EA75AF1AD05F0B0099FF52 /* Default~ipad.png */; };
		01EA75BC1AD05F0B0099FF52 /* Default~iphone.png in Resources */ = {isa = PBXBuildFile; fileRef = 01EA75B01AD05F0B0099FF52 /* Default~iphone.png */; };
		01EC0EFA1CEF8B0B006BC3A5 /* QuartzCore.framework in Frameworks */ = {isa = PBXBuildFile; fileRef = 01EC0EF91CEF8B0B006BC3A5 /* QuartzCore.framework */; };
		01EC0EFC1CEFA391006BC3A5 /* DF1DevDetailController.m in Sources */ = {isa = PBXBuildFile; fileRef = 01EC0EFB1CEFA391006BC3A5 /* DF1DevDetailController.m */; };
		01EC0EFF1CEFC765006BC3A5 /* DF1NewFeatureCell.m in Sources */ = {isa = PBXBuildFile; fileRef = 01EC0EFE1CEFC765006BC3A5 /* DF1NewFeatureCell.m */; };
		01EC0F011CF21B1A006BC3A5 /* new_use_case_btn@2x.png in Resources */ = {isa = PBXBuildFile; fileRef = 01EC0F001CF21B1A006BC3A5 /* new_use_case_btn@2x.png */; };
		01F826AF1AB4D35B003F8C97 /* DF1CellAccMagnitude.m in Sources */ = {isa = PBXBuildFile; fileRef = 01F826AE1AB4D35B003F8C97 /* DF1CellAccMagnitude.m */; };
		01F826B21ABB7173003F8C97 /* DF1_flat_icon@2x.png in Resources */ = {isa = PBXBuildFile; fileRef = 01F826B01ABB7173003F8C97 /* DF1_flat_icon@2x.png */; };
		01F826B31ABB7173003F8C97 /* DF1_flat_icon.png in Resources */ = {isa = PBXBuildFile; fileRef = 01F826B11ABB7173003F8C97 /* DF1_flat_icon.png */; };
		01FBBE1F1B1BA73F0023DCA0 /* DF1TutorialController.m in Sources */ = {isa = PBXBuildFile; fileRef = 01FBBE1E1B1BA73F0023DCA0 /* DF1TutorialController.m */; };
		01FFDCFB1B2E9968000E660B /* codeTut@2x.png in Resources */ = {isa = PBXBuildFile; fileRef = 01FFDCF71B2E9968000E660B /* codeTut@2x.png */; };
		01FFDCFC1B2E9968000E660B /* VisitGithubBtn@2x.png in Resources */ = {isa = PBXBuildFile; fileRef = 01FFDCF81B2E9968000E660B /* VisitGithubBtn@2x.png */; };
		01FFDCFD1B2E9968000E660B /* doneBtn@2x.png in Resources */ = {isa = PBXBuildFile; fileRef = 01FFDCF91B2E9968000E660B /* doneBtn@2x.png */; };
		01FFDCFE1B2E9968000E660B /* graphRed@2x.png in Resources */ = {isa = PBXBuildFile; fileRef = 01FFDCFA1B2E9968000E660B /* graphRed@2x.png */; };
		C56A3EF818DF77B700DB2A5C /* Foundation.framework in Frameworks */ = {isa = PBXBuildFile; fileRef = C56A3EF718DF77B700DB2A5C /* Foundation.framework */; };
		C56A3EFA18DF77B700DB2A5C /* CoreGraphics.framework in Frameworks */ = {isa = PBXBuildFile; fileRef = C56A3EF918DF77B700DB2A5C /* CoreGraphics.framework */; };
		C56A3EFC18DF77B700DB2A5C /* UIKit.framework in Frameworks */ = {isa = PBXBuildFile; fileRef = C56A3EFB18DF77B700DB2A5C /* UIKit.framework */; };
		C56A3F0218DF77B700DB2A5C /* InfoPlist.strings in Resources */ = {isa = PBXBuildFile; fileRef = C56A3F0018DF77B700DB2A5C /* InfoPlist.strings */; };
		C56A3F0418DF77B700DB2A5C /* main.m in Sources */ = {isa = PBXBuildFile; fileRef = C56A3F0318DF77B700DB2A5C /* main.m */; };
		C56A3F0818DF77B700DB2A5C /* DF1AppDelegate.m in Sources */ = {isa = PBXBuildFile; fileRef = C56A3F0718DF77B700DB2A5C /* DF1AppDelegate.m */; };
		C56A3F0B18DF77B700DB2A5C /* Main_iPhone.storyboard in Resources */ = {isa = PBXBuildFile; fileRef = C56A3F0918DF77B700DB2A5C /* Main_iPhone.storyboard */; };
		C56A3F0E18DF77B700DB2A5C /* Main_iPad.storyboard in Resources */ = {isa = PBXBuildFile; fileRef = C56A3F0C18DF77B700DB2A5C /* Main_iPad.storyboard */; };
		C56A3F1318DF77B700DB2A5C /* Images.xcassets in Resources */ = {isa = PBXBuildFile; fileRef = C56A3F1218DF77B700DB2A5C /* Images.xcassets */; };
		C56A3F1A18DF77B700DB2A5C /* XCTest.framework in Frameworks */ = {isa = PBXBuildFile; fileRef = C56A3F1918DF77B700DB2A5C /* XCTest.framework */; };
		C56A3F1B18DF77B700DB2A5C /* Foundation.framework in Frameworks */ = {isa = PBXBuildFile; fileRef = C56A3EF718DF77B700DB2A5C /* Foundation.framework */; };
		C56A3F1C18DF77B700DB2A5C /* UIKit.framework in Frameworks */ = {isa = PBXBuildFile; fileRef = C56A3EFB18DF77B700DB2A5C /* UIKit.framework */; };
		C56A3F2418DF77B700DB2A5C /* InfoPlist.strings in Resources */ = {isa = PBXBuildFile; fileRef = C56A3F2218DF77B700DB2A5C /* InfoPlist.strings */; };
		C56A3F2618DF77B700DB2A5C /* df1_iosdemoTests.m in Sources */ = {isa = PBXBuildFile; fileRef = C56A3F2518DF77B700DB2A5C /* df1_iosdemoTests.m */; };
		C56A3F9B18DF839200DB2A5C /* CoreBluetooth.framework in Frameworks */ = {isa = PBXBuildFile; fileRef = C56A3F9A18DF839200DB2A5C /* CoreBluetooth.framework */; };
		C56C08991901A4E9001FF641 /* DF1DevListController.m in Sources */ = {isa = PBXBuildFile; fileRef = C56C08981901A4E9001FF641 /* DF1DevListController.m */; };
		C56C089E1901C1B0001FF641 /* DF1DevCell.m in Sources */ = {isa = PBXBuildFile; fileRef = C56C089B1901C1B0001FF641 /* DF1DevCell.m */; };
		C56C089F1901C1B0001FF641 /* Utility.m in Sources */ = {isa = PBXBuildFile; fileRef = C56C089D1901C1B0001FF641 /* Utility.m */; };
		C56C08A51904A971001FF641 /* DFLOGO07_58x58.png in Resources */ = {isa = PBXBuildFile; fileRef = C56C08A41904A971001FF641 /* DFLOGO07_58x58.png */; };
		C56C08A71904AA14001FF641 /* DFLOGO07_launch_2.png in Resources */ = {isa = PBXBuildFile; fileRef = C56C08A61904AA14001FF641 /* DFLOGO07_launch_2.png */; };
		C56C08A91904ACD4001FF641 /* DFLOGO07_launch_invert.png in Resources */ = {isa = PBXBuildFile; fileRef = C56C08A81904ACD4001FF641 /* DFLOGO07_launch_invert.png */; };
		C56C08AB1904BA2D001FF641 /* oem-front1-icon.png in Resources */ = {isa = PBXBuildFile; fileRef = C56C08AA1904BA2D001FF641 /* oem-front1-icon.png */; };
		C5A71BE9194D48360074B087 /* MBProgressHUD.m in Sources */ = {isa = PBXBuildFile; fileRef = C5A71BE8194D48360074B087 /* MBProgressHUD.m */; };
		C5A71BF2194D51ED0074B087 /* DF1Cell.m in Sources */ = {isa = PBXBuildFile; fileRef = C5A71BEB194D51ED0074B087 /* DF1Cell.m */; };
		C5A71BF3194D51ED0074B087 /* DF1CellAccTap.m in Sources */ = {isa = PBXBuildFile; fileRef = C5A71BED194D51ED0074B087 /* DF1CellAccTap.m */; };
		C5A71BF4194D51ED0074B087 /* DF1CellAccXyz.m in Sources */ = {isa = PBXBuildFile; fileRef = C5A71BEF194D51ED0074B087 /* DF1CellAccXyz.m */; };
		C5A71BF5194D51ED0074B087 /* DF1CellBatt.m in Sources */ = {isa = PBXBuildFile; fileRef = C5A71BF1194D51ED0074B087 /* DF1CellBatt.m */; };
		C5A71BFA195222630074B087 /* DF1CfgCells.m in Sources */ = {isa = PBXBuildFile; fileRef = C5A71BF7195222630074B087 /* DF1CfgCells.m */; };
		C5A71BFB195222630074B087 /* DF1CfgController.m in Sources */ = {isa = PBXBuildFile; fileRef = C5A71BF9195222630074B087 /* DF1CfgController.m */; };
		C5AACD341A92D51300A57F1C /* libdf1-ioslib.a in Frameworks */ = {isa = PBXBuildFile; fileRef = C5AACD331A92D51300A57F1C /* libdf1-ioslib.a */; };
		C5AACD401A98289500A57F1C /* BLEDevice.m in Sources */ = {isa = PBXBuildFile; fileRef = C5AACD371A98289500A57F1C /* BLEDevice.m */; };
		C5AACD411A98289500A57F1C /* BLETIOADProfile.m in Sources */ = {isa = PBXBuildFile; fileRef = C5AACD391A98289500A57F1C /* BLETIOADProfile.m */; };
		C5AACD421A98289500A57F1C /* BLETIOADProgressDialog.m in Sources */ = {isa = PBXBuildFile; fileRef = C5AACD3B1A98289500A57F1C /* BLETIOADProgressDialog.m */; };
		C5AACD431A98289500A57F1C /* BLETIOADProgressViewController.m in Sources */ = {isa = PBXBuildFile; fileRef = C5AACD3D1A98289500A57F1C /* BLETIOADProgressViewController.m */; };
		C5AACD441A98289500A57F1C /* BLEUtility.m in Sources */ = {isa = PBXBuildFile; fileRef = C5AACD3F1A98289500A57F1C /* BLEUtility.m */; };
		C5AACD4D1A9835E700A57F1C /* DF1OADController.m in Sources */ = {isa = PBXBuildFile; fileRef = C5AACD4C1A9835E700A57F1C /* DF1OADController.m */; };
		C5AACD511A985E5F00A57F1C /* DF1_joystick_v0.2.bin in Resources */ = {isa = PBXBuildFile; fileRef = C5AACD4E1A985E5F00A57F1C /* DF1_joystick_v0.2.bin */; };
		C5AACD521A985E5F00A57F1C /* DF1_rangefix.bin in Resources */ = {isa = PBXBuildFile; fileRef = C5AACD4F1A985E5F00A57F1C /* DF1_rangefix.bin */; };
		C5AACD531A985E5F00A57F1C /* DFMove_ImgB.bin in Resources */ = {isa = PBXBuildFile; fileRef = C5AACD501A985E5F00A57F1C /* DFMove_ImgB.bin */; };
		C5AACD551A985EF900A57F1C /* DF1_hires_v0.1.bin in Resources */ = {isa = PBXBuildFile; fileRef = C5AACD541A985EF900A57F1C /* DF1_hires_v0.1.bin */; };
		C5AACD581A99857100A57F1C /* DF1CellDataShare.m in Sources */ = {isa = PBXBuildFile; fileRef = C5AACD571A99857100A57F1C /* DF1CellDataShare.m */; };
		C5AACD611A9A716300A57F1C /* play.png in Resources */ = {isa = PBXBuildFile; fileRef = C5AACD5F1A9A716300A57F1C /* play.png */; };
		C5AACD621A9A716300A57F1C /* stop.png in Resources */ = {isa = PBXBuildFile; fileRef = C5AACD601A9A716300A57F1C /* stop.png */; };
		C5AACD641A9A815A00A57F1C /* share.png in Resources */ = {isa = PBXBuildFile; fileRef = C5AACD631A9A815A00A57F1C /* share.png */; };
		C5AACD691A9C256200A57F1C /* blackButton@2x.png in Resources */ = {isa = PBXBuildFile; fileRef = C5AACD651A9C256200A57F1C /* blackButton@2x.png */; };
		C5AACD6A1A9C256200A57F1C /* blackButtonHighlight@2x.png in Resources */ = {isa = PBXBuildFile; fileRef = C5AACD661A9C256200A57F1C /* blackButtonHighlight@2x.png */; };
		C5AACD6B1A9C256200A57F1C /* whiteButton@2x.png in Resources */ = {isa = PBXBuildFile; fileRef = C5AACD671A9C256200A57F1C /* whiteButton@2x.png */; };
		C5AACD6C1A9C256200A57F1C /* whiteButtonHighlight@2x.png in Resources */ = {isa = PBXBuildFile; fileRef = C5AACD681A9C256200A57F1C /* whiteButtonHighlight@2x.png */; };
		C5AACD701AACDE4200A57F1C /* DF1_varfreq.bin in Resources */ = {isa = PBXBuildFile; fileRef = C5AACD6F1AACDE4200A57F1C /* DF1_varfreq.bin */; };
		C5CA41E9191AC9C000C29D76 /* F3PlotStrip.m in Sources */ = {isa = PBXBuildFile; fileRef = C5CA41E8191AC9C000C29D76 /* F3PlotStrip.m */; };
		C5CACDE819297B5F00A2DD7B /* green-in.png in Resources */ = {isa = PBXBuildFile; fileRef = C5CACDE419297B5F00A2DD7B /* green-in.png */; };
		C5CACDE919297B5F00A2DD7B /* green-out.png in Resources */ = {isa = PBXBuildFile; fileRef = C5CACDE519297B5F00A2DD7B /* green-out.png */; };
		C5CACDEA19297B5F00A2DD7B /* red-in.png in Resources */ = {isa = PBXBuildFile; fileRef = C5CACDE619297B5F00A2DD7B /* red-in.png */; };
		C5CACDEB19297B5F00A2DD7B /* red-out.png in Resources */ = {isa = PBXBuildFile; fileRef = C5CACDE719297B5F00A2DD7B /* red-out.png */; };
		C5CACDED192982AD00A2DD7B /* red-out-dark.png in Resources */ = {isa = PBXBuildFile; fileRef = C5CACDEC192982AD00A2DD7B /* red-out-dark.png */; };
/* End PBXBuildFile section */

/* Begin PBXContainerItemProxy section */
		C56A3F1D18DF77B700DB2A5C /* PBXContainerItemProxy */ = {
			isa = PBXContainerItemProxy;
			containerPortal = C56A3EEC18DF77B700DB2A5C /* Project object */;
			proxyType = 1;
			remoteGlobalIDString = C56A3EF318DF77B700DB2A5C;
			remoteInfo = "df1-iosdemo";
		};
/* End PBXContainerItemProxy section */

/* Begin PBXFileReference section */
		012131C81ABF9C6300B3BDF3 /* Icon-100.png */ = {isa = PBXFileReference; lastKnownFileType = image.png; path = "Icon-100.png"; sourceTree = "<group>"; };
		012131C91ABF9C6300B3BDF3 /* Icon-120.png */ = {isa = PBXFileReference; lastKnownFileType = image.png; path = "Icon-120.png"; sourceTree = "<group>"; };
		012131CA1ABF9C6300B3BDF3 /* Icon-152.png */ = {isa = PBXFileReference; lastKnownFileType = image.png; path = "Icon-152.png"; sourceTree = "<group>"; };
		012131CB1ABF9C6300B3BDF3 /* Icon-29.png */ = {isa = PBXFileReference; lastKnownFileType = image.png; path = "Icon-29.png"; sourceTree = "<group>"; };
		012131CC1ABF9C6300B3BDF3 /* Icon-40.png */ = {isa = PBXFileReference; lastKnownFileType = image.png; path = "Icon-40.png"; sourceTree = "<group>"; };
		012131CD1ABF9C6300B3BDF3 /* Icon-40@2x.png */ = {isa = PBXFileReference; lastKnownFileType = image.png; path = "Icon-40@2x.png"; sourceTree = "<group>"; };
		012131CE1ABF9C6300B3BDF3 /* Icon-50.png */ = {isa = PBXFileReference; lastKnownFileType = image.png; path = "Icon-50.png"; sourceTree = "<group>"; };
		012131CF1ABF9C6300B3BDF3 /* Icon-58.png */ = {isa = PBXFileReference; lastKnownFileType = image.png; path = "Icon-58.png"; sourceTree = "<group>"; };
		012131D01ABF9C6300B3BDF3 /* Icon-60.png */ = {isa = PBXFileReference; lastKnownFileType = image.png; path = "Icon-60.png"; sourceTree = "<group>"; };
		012131D11ABF9C6300B3BDF3 /* Icon-72.png */ = {isa = PBXFileReference; lastKnownFileType = image.png; path = "Icon-72.png"; sourceTree = "<group>"; };
		012131D21ABF9C6300B3BDF3 /* Icon-72@2x.png */ = {isa = PBXFileReference; lastKnownFileType = image.png; path = "Icon-72@2x.png"; sourceTree = "<group>"; };
		012131D31ABF9C6300B3BDF3 /* Icon-76.png */ = {isa = PBXFileReference; lastKnownFileType = image.png; path = "Icon-76.png"; sourceTree = "<group>"; };
		012131D41ABF9C6300B3BDF3 /* Icon-80.png */ = {isa = PBXFileReference; lastKnownFileType = image.png; path = "Icon-80.png"; sourceTree = "<group>"; };
		012131D51ABF9C6300B3BDF3 /* Icon.png */ = {isa = PBXFileReference; lastKnownFileType = image.png; path = Icon.png; sourceTree = "<group>"; };
		012131D61ABF9C6300B3BDF3 /* Icon@2x.png */ = {isa = PBXFileReference; lastKnownFileType = image.png; path = "Icon@2x.png"; sourceTree = "<group>"; };
		012131D81ABF9C6300B3BDF3 /* Default-568h@2x~iphone_640x1136.png */ = {isa = PBXFileReference; lastKnownFileType = image.png; path = "Default-568h@2x~iphone_640x1136.png"; sourceTree = "<group>"; };
		012131D91ABF9C6300B3BDF3 /* Default-Landscape@2x~ipad_2048x1496.png */ = {isa = PBXFileReference; lastKnownFileType = image.png; path = "Default-Landscape@2x~ipad_2048x1496.png"; sourceTree = "<group>"; };
		012131DA1ABF9C6300B3BDF3 /* Default-Landscape@2x~ipad_2048x1536.png */ = {isa = PBXFileReference; lastKnownFileType = image.png; path = "Default-Landscape@2x~ipad_2048x1536.png"; sourceTree = "<group>"; };
		012131DB1ABF9C6300B3BDF3 /* Default-Landscape~ipad_1024x748.png */ = {isa = PBXFileReference; lastKnownFileType = image.png; path = "Default-Landscape~ipad_1024x748.png"; sourceTree = "<group>"; };
		012131DC1ABF9C6300B3BDF3 /* Default-Landscape~ipad_1024x768.png */ = {isa = PBXFileReference; lastKnownFileType = image.png; path = "Default-Landscape~ipad_1024x768.png"; sourceTree = "<group>"; };
		012131DD1ABF9C6300B3BDF3 /* Default-Portrait@2x~ipad_1536x2008.png */ = {isa = PBXFileReference; lastKnownFileType = image.png; path = "Default-Portrait@2x~ipad_1536x2008.png"; sourceTree = "<group>"; };
		012131DE1ABF9C6300B3BDF3 /* Default-Portrait@2x~ipad_1536x2048.png */ = {isa = PBXFileReference; lastKnownFileType = image.png; path = "Default-Portrait@2x~ipad_1536x2048.png"; sourceTree = "<group>"; };
		012131DF1ABF9C6300B3BDF3 /* Default-Portrait~ipad_768x1024.png */ = {isa = PBXFileReference; lastKnownFileType = image.png; path = "Default-Portrait~ipad_768x1024.png"; sourceTree = "<group>"; };
		012131E01ABF9C6300B3BDF3 /* Default.png */ = {isa = PBXFileReference; lastKnownFileType = image.png; path = Default.png; sourceTree = "<group>"; };
		012131E11ABF9C6300B3BDF3 /* Default@2x~iphone_640x960.png */ = {isa = PBXFileReference; lastKnownFileType = image.png; path = "Default@2x~iphone_640x960.png"; sourceTree = "<group>"; };
		012131E21ABF9C6300B3BDF3 /* Default~ipad.png */ = {isa = PBXFileReference; lastKnownFileType = image.png; path = "Default~ipad.png"; sourceTree = "<group>"; };
		012131E31ABF9C6300B3BDF3 /* Default~iphone.png */ = {isa = PBXFileReference; lastKnownFileType = image.png; path = "Default~iphone.png"; sourceTree = "<group>"; };
		013063041B11460400DDCCFC /* DF1CellDistance.h */ = {isa = PBXFileReference; fileEncoding = 4; lastKnownFileType = sourcecode.c.h; path = DF1CellDistance.h; sourceTree = "<group>"; };
		013063051B11460400DDCCFC /* DF1CellDistance.m */ = {isa = PBXFileReference; fileEncoding = 4; lastKnownFileType = sourcecode.c.objc; path = DF1CellDistance.m; sourceTree = "<group>"; };
		0131D4171AD5EBFA00D479F9 /* on.png */ = {isa = PBXFileReference; lastKnownFileType = image.png; name = on.png; path = "df1-iosdemo/assets/on.png"; sourceTree = "<group>"; };
		0131D4181AD5EBFA00D479F9 /* off.png */ = {isa = PBXFileReference; lastKnownFileType = image.png; name = off.png; path = "df1-iosdemo/assets/off.png"; sourceTree = "<group>"; };
		0131D4191AD5EBFA00D479F9 /* on@2x.png */ = {isa = PBXFileReference; lastKnownFileType = image.png; name = "on@2x.png"; path = "df1-iosdemo/assets/on@2x.png"; sourceTree = "<group>"; };
		0131D41A1AD5EBFA00D479F9 /* off@2x.png */ = {isa = PBXFileReference; lastKnownFileType = image.png; name = "off@2x.png"; path = "df1-iosdemo/assets/off@2x.png"; sourceTree = "<group>"; };
		0134C6501B2E07C700AF926B /* DFLogoRed@2x.png */ = {isa = PBXFileReference; lastKnownFileType = image.png; path = "DFLogoRed@2x.png"; sourceTree = "<group>"; };
		0134C6541B2E2B9B00AF926B /* BuyNowRed@2x.png */ = {isa = PBXFileReference; lastKnownFileType = image.png; path = "BuyNowRed@2x.png"; sourceTree = "<group>"; };
		0134C6551B2E2B9B00AF926B /* DF1Red@2x.png */ = {isa = PBXFileReference; lastKnownFileType = image.png; path = "DF1Red@2x.png"; sourceTree = "<group>"; };
		015627CF1CEBAAE60096BB42 /* DF1FeaturePickerCell.h */ = {isa = PBXFileReference; fileEncoding = 4; lastKnownFileType = sourcecode.c.h; path = DF1FeaturePickerCell.h; sourceTree = "<group>"; };
		015627D01CEBAAE60096BB42 /* DF1FeaturePickerCell.m */ = {isa = PBXFileReference; fileEncoding = 4; lastKnownFileType = sourcecode.c.objc; path = DF1FeaturePickerCell.m; sourceTree = "<group>"; };
		015627D21CEBAFAF0096BB42 /* DF1FeatureTitleCell.h */ = {isa = PBXFileReference; fileEncoding = 4; lastKnownFileType = sourcecode.c.h; path = DF1FeatureTitleCell.h; sourceTree = "<group>"; };
		015627D31CEBAFAF0096BB42 /* DF1FeatureTitleCell.m */ = {isa = PBXFileReference; fileEncoding = 4; lastKnownFileType = sourcecode.c.objc; path = DF1FeatureTitleCell.m; sourceTree = "<group>"; };
		0159C0571AD34AC7003EF1A5 /* UIColor+DF1Colors.h */ = {isa = PBXFileReference; fileEncoding = 4; lastKnownFileType = sourcecode.c.h; path = "UIColor+DF1Colors.h"; sourceTree = "<group>"; };
		0159C0581AD34AC7003EF1A5 /* UIColor+DF1Colors.m */ = {isa = PBXFileReference; fileEncoding = 4; lastKnownFileType = sourcecode.c.objc; path = "UIColor+DF1Colors.m"; sourceTree = "<group>"; };
		018159181CFC13FA000355DE /* deleteCaseBtn@2x.png */ = {isa = PBXFileReference; lastKnownFileType = image.png; path = "deleteCaseBtn@2x.png"; sourceTree = "<group>"; };
		0194EFC21D88DC2400A87CBB /* DF1CellFlip.h */ = {isa = PBXFileReference; fileEncoding = 4; lastKnownFileType = sourcecode.c.h; path = DF1CellFlip.h; sourceTree = "<group>"; };
		0194EFC31D88DC2400A87CBB /* DF1CellFlip.m */ = {isa = PBXFileReference; fileEncoding = 4; lastKnownFileType = sourcecode.c.objc; path = DF1CellFlip.m; sourceTree = "<group>"; };
		01955BBA1B1BF4FB00CA7DD7 /* IFTTTAlphaAnimation.h */ = {isa = PBXFileReference; fileEncoding = 4; lastKnownFileType = sourcecode.c.h; path = IFTTTAlphaAnimation.h; sourceTree = "<group>"; };
		01955BBB1B1BF4FB00CA7DD7 /* IFTTTAlphaAnimation.m */ = {isa = PBXFileReference; fileEncoding = 4; lastKnownFileType = sourcecode.c.objc; path = IFTTTAlphaAnimation.m; sourceTree = "<group>"; };
		01955BBC1B1BF4FB00CA7DD7 /* IFTTTAngleAnimation.h */ = {isa = PBXFileReference; fileEncoding = 4; lastKnownFileType = sourcecode.c.h; path = IFTTTAngleAnimation.h; sourceTree = "<group>"; };
		01955BBD1B1BF4FB00CA7DD7 /* IFTTTAngleAnimation.m */ = {isa = PBXFileReference; fileEncoding = 4; lastKnownFileType = sourcecode.c.objc; path = IFTTTAngleAnimation.m; sourceTree = "<group>"; };
		01955BBE1B1BF4FB00CA7DD7 /* IFTTTAnimatedScrollViewController.h */ = {isa = PBXFileReference; fileEncoding = 4; lastKnownFileType = sourcecode.c.h; path = IFTTTAnimatedScrollViewController.h; sourceTree = "<group>"; };
		01955BBF1B1BF4FB00CA7DD7 /* IFTTTAnimatedScrollViewController.m */ = {isa = PBXFileReference; fileEncoding = 4; lastKnownFileType = sourcecode.c.objc; path = IFTTTAnimatedScrollViewController.m; sourceTree = "<group>"; };
		01955BC01B1BF4FB00CA7DD7 /* IFTTTAnimation.h */ = {isa = PBXFileReference; fileEncoding = 4; lastKnownFileType = sourcecode.c.h; path = IFTTTAnimation.h; sourceTree = "<group>"; };
		01955BC11B1BF4FB00CA7DD7 /* IFTTTAnimation.m */ = {isa = PBXFileReference; fileEncoding = 4; lastKnownFileType = sourcecode.c.objc; path = IFTTTAnimation.m; sourceTree = "<group>"; };
		01955BC21B1BF4FB00CA7DD7 /* IFTTTAnimationFrame.h */ = {isa = PBXFileReference; fileEncoding = 4; lastKnownFileType = sourcecode.c.h; path = IFTTTAnimationFrame.h; sourceTree = "<group>"; };
		01955BC31B1BF4FB00CA7DD7 /* IFTTTAnimationFrame.m */ = {isa = PBXFileReference; fileEncoding = 4; lastKnownFileType = sourcecode.c.objc; path = IFTTTAnimationFrame.m; sourceTree = "<group>"; };
		01955BC41B1BF4FB00CA7DD7 /* IFTTTAnimationKeyFrame.h */ = {isa = PBXFileReference; fileEncoding = 4; lastKnownFileType = sourcecode.c.h; path = IFTTTAnimationKeyFrame.h; sourceTree = "<group>"; };
		01955BC51B1BF4FB00CA7DD7 /* IFTTTAnimationKeyFrame.m */ = {isa = PBXFileReference; fileEncoding = 4; lastKnownFileType = sourcecode.c.objc; path = IFTTTAnimationKeyFrame.m; sourceTree = "<group>"; };
		01955BC61B1BF4FB00CA7DD7 /* IFTTTAnimator.h */ = {isa = PBXFileReference; fileEncoding = 4; lastKnownFileType = sourcecode.c.h; path = IFTTTAnimator.h; sourceTree = "<group>"; };
		01955BC71B1BF4FB00CA7DD7 /* IFTTTAnimator.m */ = {isa = PBXFileReference; fileEncoding = 4; lastKnownFileType = sourcecode.c.objc; path = IFTTTAnimator.m; sourceTree = "<group>"; };
		01955BC81B1BF4FB00CA7DD7 /* IFTTTColorAnimation.h */ = {isa = PBXFileReference; fileEncoding = 4; lastKnownFileType = sourcecode.c.h; path = IFTTTColorAnimation.h; sourceTree = "<group>"; };
		01955BC91B1BF4FB00CA7DD7 /* IFTTTColorAnimation.m */ = {isa = PBXFileReference; fileEncoding = 4; lastKnownFileType = sourcecode.c.objc; path = IFTTTColorAnimation.m; sourceTree = "<group>"; };
		01955BCA1B1BF4FB00CA7DD7 /* IFTTTConstraintsAnimation.h */ = {isa = PBXFileReference; fileEncoding = 4; lastKnownFileType = sourcecode.c.h; path = IFTTTConstraintsAnimation.h; sourceTree = "<group>"; };
		01955BCB1B1BF4FB00CA7DD7 /* IFTTTConstraintsAnimation.m */ = {isa = PBXFileReference; fileEncoding = 4; lastKnownFileType = sourcecode.c.objc; path = IFTTTConstraintsAnimation.m; sourceTree = "<group>"; };
		01955BCC1B1BF4FB00CA7DD7 /* IFTTTCornerRadiusAnimation.h */ = {isa = PBXFileReference; fileEncoding = 4; lastKnownFileType = sourcecode.c.h; path = IFTTTCornerRadiusAnimation.h; sourceTree = "<group>"; };
		01955BCD1B1BF4FB00CA7DD7 /* IFTTTCornerRadiusAnimation.m */ = {isa = PBXFileReference; fileEncoding = 4; lastKnownFileType = sourcecode.c.objc; path = IFTTTCornerRadiusAnimation.m; sourceTree = "<group>"; };
		01955BCE1B1BF4FB00CA7DD7 /* IFTTTEasingFunction.h */ = {isa = PBXFileReference; fileEncoding = 4; lastKnownFileType = sourcecode.c.h; path = IFTTTEasingFunction.h; sourceTree = "<group>"; };
		01955BCF1B1BF4FB00CA7DD7 /* IFTTTEasingFunction.m */ = {isa = PBXFileReference; fileEncoding = 4; lastKnownFileType = sourcecode.c.objc; path = IFTTTEasingFunction.m; sourceTree = "<group>"; };
		01955BD01B1BF4FB00CA7DD7 /* IFTTTFrameAnimation.h */ = {isa = PBXFileReference; fileEncoding = 4; lastKnownFileType = sourcecode.c.h; path = IFTTTFrameAnimation.h; sourceTree = "<group>"; };
		01955BD11B1BF4FB00CA7DD7 /* IFTTTFrameAnimation.m */ = {isa = PBXFileReference; fileEncoding = 4; lastKnownFileType = sourcecode.c.objc; path = IFTTTFrameAnimation.m; sourceTree = "<group>"; };
		01955BD21B1BF4FB00CA7DD7 /* IFTTTHideAnimation.h */ = {isa = PBXFileReference; fileEncoding = 4; lastKnownFileType = sourcecode.c.h; path = IFTTTHideAnimation.h; sourceTree = "<group>"; };
		01955BD31B1BF4FB00CA7DD7 /* IFTTTHideAnimation.m */ = {isa = PBXFileReference; fileEncoding = 4; lastKnownFileType = sourcecode.c.objc; path = IFTTTHideAnimation.m; sourceTree = "<group>"; };
		01955BD41B1BF4FB00CA7DD7 /* IFTTTJazzHands.h */ = {isa = PBXFileReference; fileEncoding = 4; lastKnownFileType = sourcecode.c.h; path = IFTTTJazzHands.h; sourceTree = "<group>"; };
		01955BD51B1BF4FB00CA7DD7 /* IFTTTScaleAnimation.h */ = {isa = PBXFileReference; fileEncoding = 4; lastKnownFileType = sourcecode.c.h; path = IFTTTScaleAnimation.h; sourceTree = "<group>"; };
		01955BD61B1BF4FB00CA7DD7 /* IFTTTScaleAnimation.m */ = {isa = PBXFileReference; fileEncoding = 4; lastKnownFileType = sourcecode.c.objc; path = IFTTTScaleAnimation.m; sourceTree = "<group>"; };
		01955BD71B1BF4FB00CA7DD7 /* IFTTTTransform3DAnimation.h */ = {isa = PBXFileReference; fileEncoding = 4; lastKnownFileType = sourcecode.c.h; path = IFTTTTransform3DAnimation.h; sourceTree = "<group>"; };
		01955BD81B1BF4FB00CA7DD7 /* IFTTTTransform3DAnimation.m */ = {isa = PBXFileReference; fileEncoding = 4; lastKnownFileType = sourcecode.c.objc; path = IFTTTTransform3DAnimation.m; sourceTree = "<group>"; };
		01A2E2F81C0295B6002B0EB7 /* DF1CellFreefall.m */ = {isa = PBXFileReference; fileEncoding = 4; lastKnownFileType = sourcecode.c.objc; path = DF1CellFreefall.m; sourceTree = "<group>"; };
		01A2E2F91C0295B6002B0EB7 /* DF1CellFreefall.h */ = {isa = PBXFileReference; fileEncoding = 4; lastKnownFileType = sourcecode.c.h; path = DF1CellFreefall.h; sourceTree = "<group>"; };
		01B0BE111C854EF4004F80AD /* noDevices@2x.png */ = {isa = PBXFileReference; lastKnownFileType = image.png; path = "noDevices@2x.png"; sourceTree = "<group>"; };
		01EA75A51AD05F0B0099FF52 /* Default-568h@2x~iphone_640x1136.png */ = {isa = PBXFileReference; lastKnownFileType = image.png; path = "Default-568h@2x~iphone_640x1136.png"; sourceTree = "<group>"; };
		01EA75A61AD05F0B0099FF52 /* Default-Landscape@2x~ipad_2048x1496.png */ = {isa = PBXFileReference; lastKnownFileType = image.png; path = "Default-Landscape@2x~ipad_2048x1496.png"; sourceTree = "<group>"; };
		01EA75A71AD05F0B0099FF52 /* Default-Landscape@2x~ipad_2048x1536.png */ = {isa = PBXFileReference; lastKnownFileType = image.png; path = "Default-Landscape@2x~ipad_2048x1536.png"; sourceTree = "<group>"; };
		01EA75A81AD05F0B0099FF52 /* Default-Landscape~ipad_1024x748.png */ = {isa = PBXFileReference; lastKnownFileType = image.png; path = "Default-Landscape~ipad_1024x748.png"; sourceTree = "<group>"; };
		01EA75A91AD05F0B0099FF52 /* Default-Landscape~ipad_1024x768.png */ = {isa = PBXFileReference; lastKnownFileType = image.png; path = "Default-Landscape~ipad_1024x768.png"; sourceTree = "<group>"; };
		01EA75AA1AD05F0B0099FF52 /* Default-Portrait@2x~ipad_1536x2008.png */ = {isa = PBXFileReference; lastKnownFileType = image.png; path = "Default-Portrait@2x~ipad_1536x2008.png"; sourceTree = "<group>"; };
		01EA75AB1AD05F0B0099FF52 /* Default-Portrait@2x~ipad_1536x2048.png */ = {isa = PBXFileReference; lastKnownFileType = image.png; path = "Default-Portrait@2x~ipad_1536x2048.png"; sourceTree = "<group>"; };
		01EA75AC1AD05F0B0099FF52 /* Default-Portrait~ipad_768x1024.png */ = {isa = PBXFileReference; lastKnownFileType = image.png; path = "Default-Portrait~ipad_768x1024.png"; sourceTree = "<group>"; };
		01EA75AD1AD05F0B0099FF52 /* Default.png */ = {isa = PBXFileReference; lastKnownFileType = image.png; path = Default.png; sourceTree = "<group>"; };
		01EA75AE1AD05F0B0099FF52 /* Default@2x~iphone_640x960.png */ = {isa = PBXFileReference; lastKnownFileType = image.png; path = "Default@2x~iphone_640x960.png"; sourceTree = "<group>"; };
		01EA75AF1AD05F0B0099FF52 /* Default~ipad.png */ = {isa = PBXFileReference; lastKnownFileType = image.png; path = "Default~ipad.png"; sourceTree = "<group>"; };
		01EA75B01AD05F0B0099FF52 /* Default~iphone.png */ = {isa = PBXFileReference; lastKnownFileType = image.png; path = "Default~iphone.png"; sourceTree = "<group>"; };
		01EC0EF91CEF8B0B006BC3A5 /* QuartzCore.framework */ = {isa = PBXFileReference; lastKnownFileType = wrapper.framework; name = QuartzCore.framework; path = System/Library/Frameworks/QuartzCore.framework; sourceTree = SDKROOT; };
		01EC0EFB1CEFA391006BC3A5 /* DF1DevDetailController.m */ = {isa = PBXFileReference; fileEncoding = 4; lastKnownFileType = sourcecode.c.objc; path = DF1DevDetailController.m; sourceTree = "<group>"; };
		01EC0EFD1CEFC765006BC3A5 /* DF1NewFeatureCell.h */ = {isa = PBXFileReference; fileEncoding = 4; lastKnownFileType = sourcecode.c.h; path = DF1NewFeatureCell.h; sourceTree = "<group>"; };
		01EC0EFE1CEFC765006BC3A5 /* DF1NewFeatureCell.m */ = {isa = PBXFileReference; fileEncoding = 4; lastKnownFileType = sourcecode.c.objc; path = DF1NewFeatureCell.m; sourceTree = "<group>"; };
		01EC0F001CF21B1A006BC3A5 /* new_use_case_btn@2x.png */ = {isa = PBXFileReference; lastKnownFileType = image.png; path = "new_use_case_btn@2x.png"; sourceTree = "<group>"; };
		01F826AD1AB4D35B003F8C97 /* DF1CellAccMagnitude.h */ = {isa = PBXFileReference; fileEncoding = 4; lastKnownFileType = sourcecode.c.h; path = DF1CellAccMagnitude.h; sourceTree = "<group>"; };
		01F826AE1AB4D35B003F8C97 /* DF1CellAccMagnitude.m */ = {isa = PBXFileReference; fileEncoding = 4; lastKnownFileType = sourcecode.c.objc; path = DF1CellAccMagnitude.m; sourceTree = "<group>"; };
		01F826B01ABB7173003F8C97 /* DF1_flat_icon@2x.png */ = {isa = PBXFileReference; lastKnownFileType = image.png; name = "DF1_flat_icon@2x.png"; path = "df1-iosdemo/assets/DF1_flat_icon@2x.png"; sourceTree = "<group>"; };
		01F826B11ABB7173003F8C97 /* DF1_flat_icon.png */ = {isa = PBXFileReference; lastKnownFileType = image.png; name = DF1_flat_icon.png; path = "df1-iosdemo/assets/DF1_flat_icon.png"; sourceTree = "<group>"; };
		01FBBE1D1B1BA73F0023DCA0 /* DF1TutorialController.h */ = {isa = PBXFileReference; fileEncoding = 4; lastKnownFileType = sourcecode.c.h; path = DF1TutorialController.h; sourceTree = "<group>"; };
		01FBBE1E1B1BA73F0023DCA0 /* DF1TutorialController.m */ = {isa = PBXFileReference; fileEncoding = 4; lastKnownFileType = sourcecode.c.objc; path = DF1TutorialController.m; sourceTree = "<group>"; };
		01FFDCF71B2E9968000E660B /* codeTut@2x.png */ = {isa = PBXFileReference; lastKnownFileType = image.png; path = "codeTut@2x.png"; sourceTree = "<group>"; };
		01FFDCF81B2E9968000E660B /* VisitGithubBtn@2x.png */ = {isa = PBXFileReference; lastKnownFileType = image.png; path = "VisitGithubBtn@2x.png"; sourceTree = "<group>"; };
		01FFDCF91B2E9968000E660B /* doneBtn@2x.png */ = {isa = PBXFileReference; lastKnownFileType = image.png; path = "doneBtn@2x.png"; sourceTree = "<group>"; };
		01FFDCFA1B2E9968000E660B /* graphRed@2x.png */ = {isa = PBXFileReference; lastKnownFileType = image.png; path = "graphRed@2x.png"; sourceTree = "<group>"; };
		C56A3EF418DF77B700DB2A5C /* df1.app */ = {isa = PBXFileReference; explicitFileType = wrapper.application; includeInIndex = 0; path = df1.app; sourceTree = BUILT_PRODUCTS_DIR; };
		C56A3EF718DF77B700DB2A5C /* Foundation.framework */ = {isa = PBXFileReference; lastKnownFileType = wrapper.framework; name = Foundation.framework; path = System/Library/Frameworks/Foundation.framework; sourceTree = SDKROOT; };
		C56A3EF918DF77B700DB2A5C /* CoreGraphics.framework */ = {isa = PBXFileReference; lastKnownFileType = wrapper.framework; name = CoreGraphics.framework; path = System/Library/Frameworks/CoreGraphics.framework; sourceTree = SDKROOT; };
		C56A3EFB18DF77B700DB2A5C /* UIKit.framework */ = {isa = PBXFileReference; lastKnownFileType = wrapper.framework; name = UIKit.framework; path = System/Library/Frameworks/UIKit.framework; sourceTree = SDKROOT; };
		C56A3EFF18DF77B700DB2A5C /* df1-iosdemo-Info.plist */ = {isa = PBXFileReference; lastKnownFileType = text.plist.xml; path = "df1-iosdemo-Info.plist"; sourceTree = "<group>"; };
		C56A3F0118DF77B700DB2A5C /* en */ = {isa = PBXFileReference; lastKnownFileType = text.plist.strings; name = en; path = en.lproj/InfoPlist.strings; sourceTree = "<group>"; };
		C56A3F0318DF77B700DB2A5C /* main.m */ = {isa = PBXFileReference; lastKnownFileType = sourcecode.c.objc; path = main.m; sourceTree = "<group>"; };
		C56A3F0518DF77B700DB2A5C /* df1-iosdemo-Prefix.pch */ = {isa = PBXFileReference; lastKnownFileType = sourcecode.c.h; path = "df1-iosdemo-Prefix.pch"; sourceTree = "<group>"; };
		C56A3F0618DF77B700DB2A5C /* DF1AppDelegate.h */ = {isa = PBXFileReference; lastKnownFileType = sourcecode.c.h; path = DF1AppDelegate.h; sourceTree = "<group>"; };
		C56A3F0718DF77B700DB2A5C /* DF1AppDelegate.m */ = {isa = PBXFileReference; lastKnownFileType = sourcecode.c.objc; path = DF1AppDelegate.m; sourceTree = "<group>"; };
		C56A3F0A18DF77B700DB2A5C /* Base */ = {isa = PBXFileReference; lastKnownFileType = file.storyboard; name = Base; path = Base.lproj/Main_iPhone.storyboard; sourceTree = "<group>"; };
		C56A3F0D18DF77B700DB2A5C /* Base */ = {isa = PBXFileReference; lastKnownFileType = file.storyboard; name = Base; path = Base.lproj/Main_iPad.storyboard; sourceTree = "<group>"; };
		C56A3F1218DF77B700DB2A5C /* Images.xcassets */ = {isa = PBXFileReference; lastKnownFileType = folder.assetcatalog; path = Images.xcassets; sourceTree = "<group>"; };
		C56A3F1818DF77B700DB2A5C /* df1-iosdemoTests.xctest */ = {isa = PBXFileReference; explicitFileType = wrapper.cfbundle; includeInIndex = 0; path = "df1-iosdemoTests.xctest"; sourceTree = BUILT_PRODUCTS_DIR; };
		C56A3F1918DF77B700DB2A5C /* XCTest.framework */ = {isa = PBXFileReference; lastKnownFileType = wrapper.framework; name = XCTest.framework; path = Library/Frameworks/XCTest.framework; sourceTree = DEVELOPER_DIR; };
		C56A3F2118DF77B700DB2A5C /* df1-iosdemoTests-Info.plist */ = {isa = PBXFileReference; lastKnownFileType = text.plist.xml; path = "df1-iosdemoTests-Info.plist"; sourceTree = "<group>"; };
		C56A3F2318DF77B700DB2A5C /* en */ = {isa = PBXFileReference; lastKnownFileType = text.plist.strings; name = en; path = en.lproj/InfoPlist.strings; sourceTree = "<group>"; };
		C56A3F2518DF77B700DB2A5C /* df1_iosdemoTests.m */ = {isa = PBXFileReference; lastKnownFileType = sourcecode.c.objc; path = df1_iosdemoTests.m; sourceTree = "<group>"; };
		C56A3F9A18DF839200DB2A5C /* CoreBluetooth.framework */ = {isa = PBXFileReference; lastKnownFileType = wrapper.framework; name = CoreBluetooth.framework; path = System/Library/Frameworks/CoreBluetooth.framework; sourceTree = SDKROOT; };
		C56A3F9C18DF839A00DB2A5C /* libdf1-ioslib.a */ = {isa = PBXFileReference; lastKnownFileType = archive.ar; name = "libdf1-ioslib.a"; path = "../df1-ioslib/build/Debug-iphoneos/libdf1-ioslib.a"; sourceTree = "<group>"; };
		C56C08971901A4E9001FF641 /* DF1DevListController.h */ = {isa = PBXFileReference; fileEncoding = 4; lastKnownFileType = sourcecode.c.h; path = DF1DevListController.h; sourceTree = "<group>"; };
		C56C08981901A4E9001FF641 /* DF1DevListController.m */ = {isa = PBXFileReference; fileEncoding = 4; lastKnownFileType = sourcecode.c.objc; path = DF1DevListController.m; sourceTree = "<group>"; };
		C56C089A1901C1B0001FF641 /* DF1DevCell.h */ = {isa = PBXFileReference; fileEncoding = 4; lastKnownFileType = sourcecode.c.h; path = DF1DevCell.h; sourceTree = "<group>"; };
		C56C089B1901C1B0001FF641 /* DF1DevCell.m */ = {isa = PBXFileReference; fileEncoding = 4; lastKnownFileType = sourcecode.c.objc; path = DF1DevCell.m; sourceTree = "<group>"; };
		C56C089C1901C1B0001FF641 /* Utility.h */ = {isa = PBXFileReference; fileEncoding = 4; lastKnownFileType = sourcecode.c.h; path = Utility.h; sourceTree = "<group>"; };
		C56C089D1901C1B0001FF641 /* Utility.m */ = {isa = PBXFileReference; fileEncoding = 4; lastKnownFileType = sourcecode.c.objc; path = Utility.m; sourceTree = "<group>"; };
		C56C08A41904A971001FF641 /* DFLOGO07_58x58.png */ = {isa = PBXFileReference; lastKnownFileType = image.png; name = DFLOGO07_58x58.png; path = "../df1-iosdemo/assets/DFLOGO07_58x58.png"; sourceTree = "<group>"; };
		C56C08A61904AA14001FF641 /* DFLOGO07_launch_2.png */ = {isa = PBXFileReference; lastKnownFileType = image.png; name = DFLOGO07_launch_2.png; path = "../df1-iosdemo/assets/DFLOGO07_launch_2.png"; sourceTree = "<group>"; };
		C56C08A81904ACD4001FF641 /* DFLOGO07_launch_invert.png */ = {isa = PBXFileReference; lastKnownFileType = image.png; name = DFLOGO07_launch_invert.png; path = "../df1-iosdemo/assets/DFLOGO07_launch_invert.png"; sourceTree = "<group>"; };
		C56C08AA1904BA2D001FF641 /* oem-front1-icon.png */ = {isa = PBXFileReference; lastKnownFileType = image.png; name = "oem-front1-icon.png"; path = "df1-iosdemo/assets/oem-front1-icon.png"; sourceTree = "<group>"; };
		C579DD45190EFB2A0029B92D /* DF1DevDetailController.h */ = {isa = PBXFileReference; fileEncoding = 4; lastKnownFileType = sourcecode.c.h; path = DF1DevDetailController.h; sourceTree = "<group>"; };
		C5A71BE7194D48360074B087 /* MBProgressHUD.h */ = {isa = PBXFileReference; fileEncoding = 4; lastKnownFileType = sourcecode.c.h; path = MBProgressHUD.h; sourceTree = "<group>"; };
		C5A71BE8194D48360074B087 /* MBProgressHUD.m */ = {isa = PBXFileReference; fileEncoding = 4; lastKnownFileType = sourcecode.c.objc; path = MBProgressHUD.m; sourceTree = "<group>"; };
		C5A71BEA194D51ED0074B087 /* DF1Cell.h */ = {isa = PBXFileReference; fileEncoding = 4; lastKnownFileType = sourcecode.c.h; path = DF1Cell.h; sourceTree = "<group>"; };
		C5A71BEB194D51ED0074B087 /* DF1Cell.m */ = {isa = PBXFileReference; fileEncoding = 4; lastKnownFileType = sourcecode.c.objc; path = DF1Cell.m; sourceTree = "<group>"; };
		C5A71BEC194D51ED0074B087 /* DF1CellAccTap.h */ = {isa = PBXFileReference; fileEncoding = 4; lastKnownFileType = sourcecode.c.h; path = DF1CellAccTap.h; sourceTree = "<group>"; };
		C5A71BED194D51ED0074B087 /* DF1CellAccTap.m */ = {isa = PBXFileReference; fileEncoding = 4; lastKnownFileType = sourcecode.c.objc; path = DF1CellAccTap.m; sourceTree = "<group>"; };
		C5A71BEE194D51ED0074B087 /* DF1CellAccXyz.h */ = {isa = PBXFileReference; fileEncoding = 4; lastKnownFileType = sourcecode.c.h; path = DF1CellAccXyz.h; sourceTree = "<group>"; };
		C5A71BEF194D51ED0074B087 /* DF1CellAccXyz.m */ = {isa = PBXFileReference; fileEncoding = 4; lastKnownFileType = sourcecode.c.objc; path = DF1CellAccXyz.m; sourceTree = "<group>"; };
		C5A71BF0194D51ED0074B087 /* DF1CellBatt.h */ = {isa = PBXFileReference; fileEncoding = 4; lastKnownFileType = sourcecode.c.h; path = DF1CellBatt.h; sourceTree = "<group>"; };
		C5A71BF1194D51ED0074B087 /* DF1CellBatt.m */ = {isa = PBXFileReference; fileEncoding = 4; lastKnownFileType = sourcecode.c.objc; path = DF1CellBatt.m; sourceTree = "<group>"; };
		C5A71BF6195222630074B087 /* DF1CfgCells.h */ = {isa = PBXFileReference; fileEncoding = 4; lastKnownFileType = sourcecode.c.h; path = DF1CfgCells.h; sourceTree = "<group>"; };
		C5A71BF7195222630074B087 /* DF1CfgCells.m */ = {isa = PBXFileReference; fileEncoding = 4; lastKnownFileType = sourcecode.c.objc; path = DF1CfgCells.m; sourceTree = "<group>"; };
		C5A71BF8195222630074B087 /* DF1CfgController.h */ = {isa = PBXFileReference; fileEncoding = 4; lastKnownFileType = sourcecode.c.h; path = DF1CfgController.h; sourceTree = "<group>"; };
		C5A71BF9195222630074B087 /* DF1CfgController.m */ = {isa = PBXFileReference; fileEncoding = 4; lastKnownFileType = sourcecode.c.objc; path = DF1CfgController.m; sourceTree = "<group>"; };
		C5AACD331A92D51300A57F1C /* libdf1-ioslib.a */ = {isa = PBXFileReference; lastKnownFileType = archive.ar; name = "libdf1-ioslib.a"; path = "../../../../Library/Developer/Xcode/DerivedData/df1-ios-workgroup-aqwizxqvuasohrgftdlcdfpbpzvj/Build/Products/Debug-iphoneos/libdf1-ioslib.a"; sourceTree = "<group>"; };
		C5AACD361A98289500A57F1C /* BLEDevice.h */ = {isa = PBXFileReference; fileEncoding = 4; lastKnownFileType = sourcecode.c.h; name = BLEDevice.h; path = "df1-iosdemo/OAD/BLEDevice.h"; sourceTree = "<group>"; };
		C5AACD371A98289500A57F1C /* BLEDevice.m */ = {isa = PBXFileReference; fileEncoding = 4; lastKnownFileType = sourcecode.c.objc; name = BLEDevice.m; path = "df1-iosdemo/OAD/BLEDevice.m"; sourceTree = "<group>"; };
		C5AACD381A98289500A57F1C /* BLETIOADProfile.h */ = {isa = PBXFileReference; fileEncoding = 4; lastKnownFileType = sourcecode.c.h; name = BLETIOADProfile.h; path = "df1-iosdemo/OAD/BLETIOADProfile.h"; sourceTree = "<group>"; };
		C5AACD391A98289500A57F1C /* BLETIOADProfile.m */ = {isa = PBXFileReference; fileEncoding = 4; lastKnownFileType = sourcecode.c.objc; name = BLETIOADProfile.m; path = "df1-iosdemo/OAD/BLETIOADProfile.m"; sourceTree = "<group>"; };
		C5AACD3A1A98289500A57F1C /* BLETIOADProgressDialog.h */ = {isa = PBXFileReference; fileEncoding = 4; lastKnownFileType = sourcecode.c.h; name = BLETIOADProgressDialog.h; path = "df1-iosdemo/OAD/BLETIOADProgressDialog.h"; sourceTree = "<group>"; };
		C5AACD3B1A98289500A57F1C /* BLETIOADProgressDialog.m */ = {isa = PBXFileReference; fileEncoding = 4; lastKnownFileType = sourcecode.c.objc; name = BLETIOADProgressDialog.m; path = "df1-iosdemo/OAD/BLETIOADProgressDialog.m"; sourceTree = "<group>"; };
		C5AACD3C1A98289500A57F1C /* BLETIOADProgressViewController.h */ = {isa = PBXFileReference; fileEncoding = 4; lastKnownFileType = sourcecode.c.h; name = BLETIOADProgressViewController.h; path = "df1-iosdemo/OAD/BLETIOADProgressViewController.h"; sourceTree = "<group>"; };
		C5AACD3D1A98289500A57F1C /* BLETIOADProgressViewController.m */ = {isa = PBXFileReference; fileEncoding = 4; lastKnownFileType = sourcecode.c.objc; name = BLETIOADProgressViewController.m; path = "df1-iosdemo/OAD/BLETIOADProgressViewController.m"; sourceTree = "<group>"; };
		C5AACD3E1A98289500A57F1C /* BLEUtility.h */ = {isa = PBXFileReference; fileEncoding = 4; lastKnownFileType = sourcecode.c.h; name = BLEUtility.h; path = "df1-iosdemo/OAD/BLEUtility.h"; sourceTree = "<group>"; };
		C5AACD3F1A98289500A57F1C /* BLEUtility.m */ = {isa = PBXFileReference; fileEncoding = 4; lastKnownFileType = sourcecode.c.objc; name = BLEUtility.m; path = "df1-iosdemo/OAD/BLEUtility.m"; sourceTree = "<group>"; };
		C5AACD451A98293900A57F1C /* oad.h */ = {isa = PBXFileReference; fileEncoding = 4; lastKnownFileType = sourcecode.c.h; name = oad.h; path = "df1-iosdemo/OAD/oad.h"; sourceTree = "<group>"; };
		C5AACD4B1A9835E700A57F1C /* DF1OADController.h */ = {isa = PBXFileReference; fileEncoding = 4; lastKnownFileType = sourcecode.c.h; path = DF1OADController.h; sourceTree = "<group>"; };
		C5AACD4C1A9835E700A57F1C /* DF1OADController.m */ = {isa = PBXFileReference; fileEncoding = 4; lastKnownFileType = sourcecode.c.objc; path = DF1OADController.m; sourceTree = "<group>"; };
		C5AACD4E1A985E5F00A57F1C /* DF1_joystick_v0.2.bin */ = {isa = PBXFileReference; lastKnownFileType = archive.macbinary; name = DF1_joystick_v0.2.bin; path = "df1-iosdemo/firmware/DF1_joystick_v0.2.bin"; sourceTree = "<group>"; };
		C5AACD4F1A985E5F00A57F1C /* DF1_rangefix.bin */ = {isa = PBXFileReference; lastKnownFileType = archive.macbinary; name = DF1_rangefix.bin; path = "df1-iosdemo/firmware/DF1_rangefix.bin"; sourceTree = "<group>"; };
		C5AACD501A985E5F00A57F1C /* DFMove_ImgB.bin */ = {isa = PBXFileReference; lastKnownFileType = archive.macbinary; name = DFMove_ImgB.bin; path = "df1-iosdemo/firmware/DFMove_ImgB.bin"; sourceTree = "<group>"; };
		C5AACD541A985EF900A57F1C /* DF1_hires_v0.1.bin */ = {isa = PBXFileReference; lastKnownFileType = archive.macbinary; name = DF1_hires_v0.1.bin; path = "df1-iosdemo/firmware/DF1_hires_v0.1.bin"; sourceTree = "<group>"; };
		C5AACD561A99857100A57F1C /* DF1CellDataShare.h */ = {isa = PBXFileReference; fileEncoding = 4; lastKnownFileType = sourcecode.c.h; path = DF1CellDataShare.h; sourceTree = "<group>"; };
		C5AACD571A99857100A57F1C /* DF1CellDataShare.m */ = {isa = PBXFileReference; fileEncoding = 4; lastKnownFileType = sourcecode.c.objc; path = DF1CellDataShare.m; sourceTree = "<group>"; };
		C5AACD5F1A9A716300A57F1C /* play.png */ = {isa = PBXFileReference; lastKnownFileType = image.png; name = play.png; path = "df1-iosdemo/assets/play.png"; sourceTree = "<group>"; };
		C5AACD601A9A716300A57F1C /* stop.png */ = {isa = PBXFileReference; lastKnownFileType = image.png; name = stop.png; path = "df1-iosdemo/assets/stop.png"; sourceTree = "<group>"; };
		C5AACD631A9A815A00A57F1C /* share.png */ = {isa = PBXFileReference; lastKnownFileType = image.png; name = share.png; path = "df1-iosdemo/assets/share.png"; sourceTree = "<group>"; };
		C5AACD651A9C256200A57F1C /* blackButton@2x.png */ = {isa = PBXFileReference; lastKnownFileType = image.png; name = "blackButton@2x.png"; path = "df1-iosdemo/assets/buttons/blackButton@2x.png"; sourceTree = "<group>"; };
		C5AACD661A9C256200A57F1C /* blackButtonHighlight@2x.png */ = {isa = PBXFileReference; lastKnownFileType = image.png; name = "blackButtonHighlight@2x.png"; path = "df1-iosdemo/assets/buttons/blackButtonHighlight@2x.png"; sourceTree = "<group>"; };
		C5AACD671A9C256200A57F1C /* whiteButton@2x.png */ = {isa = PBXFileReference; lastKnownFileType = image.png; name = "whiteButton@2x.png"; path = "df1-iosdemo/assets/buttons/whiteButton@2x.png"; sourceTree = "<group>"; };
		C5AACD681A9C256200A57F1C /* whiteButtonHighlight@2x.png */ = {isa = PBXFileReference; lastKnownFileType = image.png; name = "whiteButtonHighlight@2x.png"; path = "df1-iosdemo/assets/buttons/whiteButtonHighlight@2x.png"; sourceTree = "<group>"; };
		C5AACD6F1AACDE4200A57F1C /* DF1_varfreq.bin */ = {isa = PBXFileReference; lastKnownFileType = archive.macbinary; path = DF1_varfreq.bin; sourceTree = "<group>"; };
		C5CA41E7191AC9C000C29D76 /* F3PlotStrip.h */ = {isa = PBXFileReference; fileEncoding = 4; lastKnownFileType = sourcecode.c.h; path = F3PlotStrip.h; sourceTree = "<group>"; };
		C5CA41E8191AC9C000C29D76 /* F3PlotStrip.m */ = {isa = PBXFileReference; fileEncoding = 4; lastKnownFileType = sourcecode.c.objc; path = F3PlotStrip.m; sourceTree = "<group>"; };
		C5CACDE419297B5F00A2DD7B /* green-in.png */ = {isa = PBXFileReference; lastKnownFileType = image.png; name = "green-in.png"; path = "df1-iosdemo/assets/green-in.png"; sourceTree = "<group>"; };
		C5CACDE519297B5F00A2DD7B /* green-out.png */ = {isa = PBXFileReference; lastKnownFileType = image.png; name = "green-out.png"; path = "df1-iosdemo/assets/green-out.png"; sourceTree = "<group>"; };
		C5CACDE619297B5F00A2DD7B /* red-in.png */ = {isa = PBXFileReference; lastKnownFileType = image.png; name = "red-in.png"; path = "df1-iosdemo/assets/red-in.png"; sourceTree = "<group>"; };
		C5CACDE719297B5F00A2DD7B /* red-out.png */ = {isa = PBXFileReference; lastKnownFileType = image.png; name = "red-out.png"; path = "df1-iosdemo/assets/red-out.png"; sourceTree = "<group>"; };
		C5CACDEC192982AD00A2DD7B /* red-out-dark.png */ = {isa = PBXFileReference; lastKnownFileType = image.png; name = "red-out-dark.png"; path = "df1-iosdemo/assets/red-out-dark.png"; sourceTree = "<group>"; };
/* End PBXFileReference section */

/* Begin PBXFrameworksBuildPhase section */
		C56A3EF118DF77B700DB2A5C /* Frameworks */ = {
			isa = PBXFrameworksBuildPhase;
			buildActionMask = 2147483647;
			files = (
				01EC0EFA1CEF8B0B006BC3A5 /* QuartzCore.framework in Frameworks */,
				C5AACD341A92D51300A57F1C /* libdf1-ioslib.a in Frameworks */,
				C56A3F9B18DF839200DB2A5C /* CoreBluetooth.framework in Frameworks */,
				C56A3EFA18DF77B700DB2A5C /* CoreGraphics.framework in Frameworks */,
				C56A3EFC18DF77B700DB2A5C /* UIKit.framework in Frameworks */,
				C56A3EF818DF77B700DB2A5C /* Foundation.framework in Frameworks */,
			);
			runOnlyForDeploymentPostprocessing = 0;
		};
		C56A3F1518DF77B700DB2A5C /* Frameworks */ = {
			isa = PBXFrameworksBuildPhase;
			buildActionMask = 2147483647;
			files = (
				C56A3F1A18DF77B700DB2A5C /* XCTest.framework in Frameworks */,
				C56A3F1C18DF77B700DB2A5C /* UIKit.framework in Frameworks */,
				C56A3F1B18DF77B700DB2A5C /* Foundation.framework in Frameworks */,
			);
			runOnlyForDeploymentPostprocessing = 0;
		};
/* End PBXFrameworksBuildPhase section */

/* Begin PBXGroup section */
		011AEED21AD45008001127AF /* buttons */ = {
			isa = PBXGroup;
			children = (
				018159181CFC13FA000355DE /* deleteCaseBtn@2x.png */,
				01EC0F001CF21B1A006BC3A5 /* new_use_case_btn@2x.png */,
				0131D4171AD5EBFA00D479F9 /* on.png */,
				0131D4181AD5EBFA00D479F9 /* off.png */,
				0131D4191AD5EBFA00D479F9 /* on@2x.png */,
				0131D41A1AD5EBFA00D479F9 /* off@2x.png */,
			);
			name = buttons;
			sourceTree = "<group>";
		};
		012131C61ABF9C6300B3BDF3 /* df-solid-white-black */ = {
			isa = PBXGroup;
			children = (
				012131C71ABF9C6300B3BDF3 /* icons */,
				012131D71ABF9C6300B3BDF3 /* splash */,
			);
			path = "df-solid-white-black";
			sourceTree = "<group>";
		};
		012131C71ABF9C6300B3BDF3 /* icons */ = {
			isa = PBXGroup;
			children = (
				012131C81ABF9C6300B3BDF3 /* Icon-100.png */,
				012131C91ABF9C6300B3BDF3 /* Icon-120.png */,
				012131CA1ABF9C6300B3BDF3 /* Icon-152.png */,
				012131CB1ABF9C6300B3BDF3 /* Icon-29.png */,
				012131CC1ABF9C6300B3BDF3 /* Icon-40.png */,
				012131CD1ABF9C6300B3BDF3 /* Icon-40@2x.png */,
				012131CE1ABF9C6300B3BDF3 /* Icon-50.png */,
				012131CF1ABF9C6300B3BDF3 /* Icon-58.png */,
				012131D01ABF9C6300B3BDF3 /* Icon-60.png */,
				012131D11ABF9C6300B3BDF3 /* Icon-72.png */,
				012131D21ABF9C6300B3BDF3 /* Icon-72@2x.png */,
				012131D31ABF9C6300B3BDF3 /* Icon-76.png */,
				012131D41ABF9C6300B3BDF3 /* Icon-80.png */,
				012131D51ABF9C6300B3BDF3 /* Icon.png */,
				012131D61ABF9C6300B3BDF3 /* Icon@2x.png */,
			);
			path = icons;
			sourceTree = "<group>";
		};
		012131D71ABF9C6300B3BDF3 /* splash */ = {
			isa = PBXGroup;
			children = (
				012131D81ABF9C6300B3BDF3 /* Default-568h@2x~iphone_640x1136.png */,
				012131D91ABF9C6300B3BDF3 /* Default-Landscape@2x~ipad_2048x1496.png */,
				012131DA1ABF9C6300B3BDF3 /* Default-Landscape@2x~ipad_2048x1536.png */,
				012131DB1ABF9C6300B3BDF3 /* Default-Landscape~ipad_1024x748.png */,
				012131DC1ABF9C6300B3BDF3 /* Default-Landscape~ipad_1024x768.png */,
				012131DD1ABF9C6300B3BDF3 /* Default-Portrait@2x~ipad_1536x2008.png */,
				012131DE1ABF9C6300B3BDF3 /* Default-Portrait@2x~ipad_1536x2048.png */,
				012131DF1ABF9C6300B3BDF3 /* Default-Portrait~ipad_768x1024.png */,
				012131E01ABF9C6300B3BDF3 /* Default.png */,
				012131E11ABF9C6300B3BDF3 /* Default@2x~iphone_640x960.png */,
				012131E21ABF9C6300B3BDF3 /* Default~ipad.png */,
				012131E31ABF9C6300B3BDF3 /* Default~iphone.png */,
			);
			path = splash;
			sourceTree = "<group>";
		};
		0134C6481B2DEFAC00AF926B /* Buttons */ = {
			isa = PBXGroup;
			children = (
				01F826B01ABB7173003F8C97 /* DF1_flat_icon@2x.png */,
				01F826B11ABB7173003F8C97 /* DF1_flat_icon.png */,
				C5AACD651A9C256200A57F1C /* blackButton@2x.png */,
				C5AACD661A9C256200A57F1C /* blackButtonHighlight@2x.png */,
				C5AACD671A9C256200A57F1C /* whiteButton@2x.png */,
				C5AACD681A9C256200A57F1C /* whiteButtonHighlight@2x.png */,
				C5AACD631A9A815A00A57F1C /* share.png */,
				C5AACD5F1A9A716300A57F1C /* play.png */,
				C5AACD601A9A716300A57F1C /* stop.png */,
				C5CACDEC192982AD00A2DD7B /* red-out-dark.png */,
				C5CACDE419297B5F00A2DD7B /* green-in.png */,
				C5CACDE519297B5F00A2DD7B /* green-out.png */,
				C5CACDE619297B5F00A2DD7B /* red-in.png */,
				C5CACDE719297B5F00A2DD7B /* red-out.png */,
				C56C08AA1904BA2D001FF641 /* oem-front1-icon.png */,
			);
			name = Buttons;
			sourceTree = "<group>";
		};
		0134C64F1B2DEFBE00AF926B /* Onboarding */ = {
			isa = PBXGroup;
			children = (
				0134C6541B2E2B9B00AF926B /* BuyNowRed@2x.png */,
				0134C6551B2E2B9B00AF926B /* DF1Red@2x.png */,
				0134C6501B2E07C700AF926B /* DFLogoRed@2x.png */,
				01FFDCF71B2E9968000E660B /* codeTut@2x.png */,
				01FFDCF81B2E9968000E660B /* VisitGithubBtn@2x.png */,
				01FFDCF91B2E9968000E660B /* doneBtn@2x.png */,
				01FFDCFA1B2E9968000E660B /* graphRed@2x.png */,
			);
			name = Onboarding;
			sourceTree = "<group>";
		};
		015B25C71BDD715C003A0F57 /* Cells */ = {
			isa = PBXGroup;
			children = (
				C56C089A1901C1B0001FF641 /* DF1DevCell.h */,
				C56C089B1901C1B0001FF641 /* DF1DevCell.m */,
				C5A71BF6195222630074B087 /* DF1CfgCells.h */,
				C5A71BF7195222630074B087 /* DF1CfgCells.m */,
				C5AACD4B1A9835E700A57F1C /* DF1OADController.h */,
				C5AACD4C1A9835E700A57F1C /* DF1OADController.m */,
				C5A71BEA194D51ED0074B087 /* DF1Cell.h */,
				C5A71BEB194D51ED0074B087 /* DF1Cell.m */,
				013063041B11460400DDCCFC /* DF1CellDistance.h */,
				013063051B11460400DDCCFC /* DF1CellDistance.m */,
				01F826AD1AB4D35B003F8C97 /* DF1CellAccMagnitude.h */,
				01F826AE1AB4D35B003F8C97 /* DF1CellAccMagnitude.m */,
				C5AACD561A99857100A57F1C /* DF1CellDataShare.h */,
				C5AACD571A99857100A57F1C /* DF1CellDataShare.m */,
				C5A71BEC194D51ED0074B087 /* DF1CellAccTap.h */,
				C5A71BED194D51ED0074B087 /* DF1CellAccTap.m */,
				0194EFC21D88DC2400A87CBB /* DF1CellFlip.h */,
				0194EFC31D88DC2400A87CBB /* DF1CellFlip.m */,
				C5A71BEE194D51ED0074B087 /* DF1CellAccXyz.h */,
				C5A71BEF194D51ED0074B087 /* DF1CellAccXyz.m */,
				C5A71BF0194D51ED0074B087 /* DF1CellBatt.h */,
				C5A71BF1194D51ED0074B087 /* DF1CellBatt.m */,
				01A2E2F91C0295B6002B0EB7 /* DF1CellFreefall.h */,
				01A2E2F81C0295B6002B0EB7 /* DF1CellFreefall.m */,
				015627D21CEBAFAF0096BB42 /* DF1FeatureTitleCell.h */,
				015627D31CEBAFAF0096BB42 /* DF1FeatureTitleCell.m */,
				015627CF1CEBAAE60096BB42 /* DF1FeaturePickerCell.h */,
				015627D01CEBAAE60096BB42 /* DF1FeaturePickerCell.m */,
				01EC0EFD1CEFC765006BC3A5 /* DF1NewFeatureCell.h */,
				01EC0EFE1CEFC765006BC3A5 /* DF1NewFeatureCell.m */,
			);
			name = Cells;
			sourceTree = "<group>";
		};
		01955BE91B1BF50F00CA7DD7 /* JazzHands */ = {
			isa = PBXGroup;
			children = (
				01955BBA1B1BF4FB00CA7DD7 /* IFTTTAlphaAnimation.h */,
				01955BBB1B1BF4FB00CA7DD7 /* IFTTTAlphaAnimation.m */,
				01955BBC1B1BF4FB00CA7DD7 /* IFTTTAngleAnimation.h */,
				01955BBD1B1BF4FB00CA7DD7 /* IFTTTAngleAnimation.m */,
				01955BBE1B1BF4FB00CA7DD7 /* IFTTTAnimatedScrollViewController.h */,
				01955BBF1B1BF4FB00CA7DD7 /* IFTTTAnimatedScrollViewController.m */,
				01955BC01B1BF4FB00CA7DD7 /* IFTTTAnimation.h */,
				01955BC11B1BF4FB00CA7DD7 /* IFTTTAnimation.m */,
				01955BC21B1BF4FB00CA7DD7 /* IFTTTAnimationFrame.h */,
				01955BC31B1BF4FB00CA7DD7 /* IFTTTAnimationFrame.m */,
				01955BC41B1BF4FB00CA7DD7 /* IFTTTAnimationKeyFrame.h */,
				01955BC51B1BF4FB00CA7DD7 /* IFTTTAnimationKeyFrame.m */,
				01955BC61B1BF4FB00CA7DD7 /* IFTTTAnimator.h */,
				01955BC71B1BF4FB00CA7DD7 /* IFTTTAnimator.m */,
				01955BC81B1BF4FB00CA7DD7 /* IFTTTColorAnimation.h */,
				01955BC91B1BF4FB00CA7DD7 /* IFTTTColorAnimation.m */,
				01955BCA1B1BF4FB00CA7DD7 /* IFTTTConstraintsAnimation.h */,
				01955BCB1B1BF4FB00CA7DD7 /* IFTTTConstraintsAnimation.m */,
				01955BCC1B1BF4FB00CA7DD7 /* IFTTTCornerRadiusAnimation.h */,
				01955BCD1B1BF4FB00CA7DD7 /* IFTTTCornerRadiusAnimation.m */,
				01955BCE1B1BF4FB00CA7DD7 /* IFTTTEasingFunction.h */,
				01955BCF1B1BF4FB00CA7DD7 /* IFTTTEasingFunction.m */,
				01955BD01B1BF4FB00CA7DD7 /* IFTTTFrameAnimation.h */,
				01955BD11B1BF4FB00CA7DD7 /* IFTTTFrameAnimation.m */,
				01955BD21B1BF4FB00CA7DD7 /* IFTTTHideAnimation.h */,
				01955BD31B1BF4FB00CA7DD7 /* IFTTTHideAnimation.m */,
				01955BD41B1BF4FB00CA7DD7 /* IFTTTJazzHands.h */,
				01955BD51B1BF4FB00CA7DD7 /* IFTTTScaleAnimation.h */,
				01955BD61B1BF4FB00CA7DD7 /* IFTTTScaleAnimation.m */,
				01955BD71B1BF4FB00CA7DD7 /* IFTTTTransform3DAnimation.h */,
				01955BD81B1BF4FB00CA7DD7 /* IFTTTTransform3DAnimation.m */,
			);
			name = JazzHands;
			sourceTree = "<group>";
		};
		01EA75A41AD05F0B0099FF52 /* splash */ = {
			isa = PBXGroup;
			children = (
				01B0BE111C854EF4004F80AD /* noDevices@2x.png */,
				C56C08A81904ACD4001FF641 /* DFLOGO07_launch_invert.png */,
				C56C08A61904AA14001FF641 /* DFLOGO07_launch_2.png */,
				C56C08A41904A971001FF641 /* DFLOGO07_58x58.png */,
				01EA75A51AD05F0B0099FF52 /* Default-568h@2x~iphone_640x1136.png */,
				01EA75A61AD05F0B0099FF52 /* Default-Landscape@2x~ipad_2048x1496.png */,
				01EA75A71AD05F0B0099FF52 /* Default-Landscape@2x~ipad_2048x1536.png */,
				01EA75A81AD05F0B0099FF52 /* Default-Landscape~ipad_1024x748.png */,
				01EA75A91AD05F0B0099FF52 /* Default-Landscape~ipad_1024x768.png */,
				01EA75AA1AD05F0B0099FF52 /* Default-Portrait@2x~ipad_1536x2008.png */,
				01EA75AB1AD05F0B0099FF52 /* Default-Portrait@2x~ipad_1536x2048.png */,
				01EA75AC1AD05F0B0099FF52 /* Default-Portrait~ipad_768x1024.png */,
				01EA75AD1AD05F0B0099FF52 /* Default.png */,
				01EA75AE1AD05F0B0099FF52 /* Default@2x~iphone_640x960.png */,
				01EA75AF1AD05F0B0099FF52 /* Default~ipad.png */,
				01EA75B01AD05F0B0099FF52 /* Default~iphone.png */,
			);
			path = splash;
			sourceTree = "<group>";
		};
		C56A3EEB18DF77B700DB2A5C = {
			isa = PBXGroup;
			children = (
				C5AACD461A982AB900A57F1C /* firmware */,
				C56C08A31904A95F001FF641 /* assets */,
				C5AACD351A98286E00A57F1C /* oad */,
				C56A3EFD18DF77B700DB2A5C /* df1-iosdemo */,
				C56A3F1F18DF77B700DB2A5C /* df1-iosdemoTests */,
				C56A3EF618DF77B700DB2A5C /* Frameworks */,
				C56A3EF518DF77B700DB2A5C /* Products */,
			);
			sourceTree = "<group>";
		};
		C56A3EF518DF77B700DB2A5C /* Products */ = {
			isa = PBXGroup;
			children = (
				C56A3EF418DF77B700DB2A5C /* df1.app */,
				C56A3F1818DF77B700DB2A5C /* df1-iosdemoTests.xctest */,
			);
			name = Products;
			sourceTree = "<group>";
		};
		C56A3EF618DF77B700DB2A5C /* Frameworks */ = {
			isa = PBXGroup;
			children = (
				C5AACD331A92D51300A57F1C /* libdf1-ioslib.a */,
				C56A3F9C18DF839A00DB2A5C /* libdf1-ioslib.a */,
				C56A3F1918DF77B700DB2A5C /* XCTest.framework */,
				01EC0EF91CEF8B0B006BC3A5 /* QuartzCore.framework */,
				C56A3F9A18DF839200DB2A5C /* CoreBluetooth.framework */,
				C56A3EF718DF77B700DB2A5C /* Foundation.framework */,
				C56A3EF918DF77B700DB2A5C /* CoreGraphics.framework */,
				C56A3EFB18DF77B700DB2A5C /* UIKit.framework */,
			);
			name = Frameworks;
			sourceTree = "<group>";
		};
		C56A3EFD18DF77B700DB2A5C /* df1-iosdemo */ = {
			isa = PBXGroup;
			children = (
				C56A3F0618DF77B700DB2A5C /* DF1AppDelegate.h */,
				C56A3F0718DF77B700DB2A5C /* DF1AppDelegate.m */,
				01FBBE1D1B1BA73F0023DCA0 /* DF1TutorialController.h */,
				01FBBE1E1B1BA73F0023DCA0 /* DF1TutorialController.m */,
				C56C08971901A4E9001FF641 /* DF1DevListController.h */,
				C56C08981901A4E9001FF641 /* DF1DevListController.m */,
				C579DD45190EFB2A0029B92D /* DF1DevDetailController.h */,
				01EC0EFB1CEFA391006BC3A5 /* DF1DevDetailController.m */,
				C5A71BF8195222630074B087 /* DF1CfgController.h */,
				C5A71BF9195222630074B087 /* DF1CfgController.m */,
				015B25C71BDD715C003A0F57 /* Cells */,
				C56A3F0918DF77B700DB2A5C /* Main_iPhone.storyboard */,
				C56A3F0C18DF77B700DB2A5C /* Main_iPad.storyboard */,
				C56A3F1218DF77B700DB2A5C /* Images.xcassets */,
				C56A3EFE18DF77B700DB2A5C /* Supporting Files */,
			);
			path = "df1-iosdemo";
			sourceTree = "<group>";
		};
		C56A3EFE18DF77B700DB2A5C /* Supporting Files */ = {
			isa = PBXGroup;
			children = (
				C56C089C1901C1B0001FF641 /* Utility.h */,
				C56C089D1901C1B0001FF641 /* Utility.m */,
				C5A71BE7194D48360074B087 /* MBProgressHUD.h */,
				C5A71BE8194D48360074B087 /* MBProgressHUD.m */,
				C5CA41E7191AC9C000C29D76 /* F3PlotStrip.h */,
				C5CA41E8191AC9C000C29D76 /* F3PlotStrip.m */,
				0159C0571AD34AC7003EF1A5 /* UIColor+DF1Colors.h */,
				0159C0581AD34AC7003EF1A5 /* UIColor+DF1Colors.m */,
				01955BE91B1BF50F00CA7DD7 /* JazzHands */,
				C56A3EFF18DF77B700DB2A5C /* df1-iosdemo-Info.plist */,
				C56A3F0018DF77B700DB2A5C /* InfoPlist.strings */,
				C56A3F0318DF77B700DB2A5C /* main.m */,
				C56A3F0518DF77B700DB2A5C /* df1-iosdemo-Prefix.pch */,
			);
			name = "Supporting Files";
			sourceTree = "<group>";
		};
		C56A3F1F18DF77B700DB2A5C /* df1-iosdemoTests */ = {
			isa = PBXGroup;
			children = (
				C56A3F2518DF77B700DB2A5C /* df1_iosdemoTests.m */,
				C56A3F2018DF77B700DB2A5C /* Supporting Files */,
			);
			path = "df1-iosdemoTests";
			sourceTree = "<group>";
		};
		C56A3F2018DF77B700DB2A5C /* Supporting Files */ = {
			isa = PBXGroup;
			children = (
				C56A3F2118DF77B700DB2A5C /* df1-iosdemoTests-Info.plist */,
				C56A3F2218DF77B700DB2A5C /* InfoPlist.strings */,
			);
			name = "Supporting Files";
			sourceTree = "<group>";
		};
		C56C08A31904A95F001FF641 /* assets */ = {
			isa = PBXGroup;
			children = (
				0134C64F1B2DEFBE00AF926B /* Onboarding */,
				011AEED21AD45008001127AF /* buttons */,
				01EA75A41AD05F0B0099FF52 /* splash */,
				012131C61ABF9C6300B3BDF3 /* df-solid-white-black */,
				0134C6481B2DEFAC00AF926B /* Buttons */,
			);
			name = assets;
			sourceTree = "<group>";
		};
		C5AACD351A98286E00A57F1C /* oad */ = {
			isa = PBXGroup;
			children = (
				C5AACD451A98293900A57F1C /* oad.h */,
				C5AACD361A98289500A57F1C /* BLEDevice.h */,
				C5AACD371A98289500A57F1C /* BLEDevice.m */,
				C5AACD381A98289500A57F1C /* BLETIOADProfile.h */,
				C5AACD391A98289500A57F1C /* BLETIOADProfile.m */,
				C5AACD3A1A98289500A57F1C /* BLETIOADProgressDialog.h */,
				C5AACD3B1A98289500A57F1C /* BLETIOADProgressDialog.m */,
				C5AACD3C1A98289500A57F1C /* BLETIOADProgressViewController.h */,
				C5AACD3D1A98289500A57F1C /* BLETIOADProgressViewController.m */,
				C5AACD3E1A98289500A57F1C /* BLEUtility.h */,
				C5AACD3F1A98289500A57F1C /* BLEUtility.m */,
			);
			name = oad;
			sourceTree = "<group>";
		};
		C5AACD461A982AB900A57F1C /* firmware */ = {
			isa = PBXGroup;
			children = (
				C5AACD6F1AACDE4200A57F1C /* DF1_varfreq.bin */,
				C5AACD541A985EF900A57F1C /* DF1_hires_v0.1.bin */,
				C5AACD4E1A985E5F00A57F1C /* DF1_joystick_v0.2.bin */,
				C5AACD4F1A985E5F00A57F1C /* DF1_rangefix.bin */,
				C5AACD501A985E5F00A57F1C /* DFMove_ImgB.bin */,
			);
			name = firmware;
			sourceTree = "<group>";
		};
/* End PBXGroup section */

/* Begin PBXNativeTarget section */
		C56A3EF318DF77B700DB2A5C /* df1-iosdemo */ = {
			isa = PBXNativeTarget;
			buildConfigurationList = C56A3F2918DF77B700DB2A5C /* Build configuration list for PBXNativeTarget "df1-iosdemo" */;
			buildPhases = (
				C56A3EF018DF77B700DB2A5C /* Sources */,
				C56A3EF118DF77B700DB2A5C /* Frameworks */,
				C56A3EF218DF77B700DB2A5C /* Resources */,
			);
			buildRules = (
			);
			dependencies = (
			);
			name = "df1-iosdemo";
			productName = "df1-iosdemo";
			productReference = C56A3EF418DF77B700DB2A5C /* df1.app */;
			productType = "com.apple.product-type.application";
		};
		C56A3F1718DF77B700DB2A5C /* df1-iosdemoTests */ = {
			isa = PBXNativeTarget;
			buildConfigurationList = C56A3F2C18DF77B700DB2A5C /* Build configuration list for PBXNativeTarget "df1-iosdemoTests" */;
			buildPhases = (
				C56A3F1418DF77B700DB2A5C /* Sources */,
				C56A3F1518DF77B700DB2A5C /* Frameworks */,
				C56A3F1618DF77B700DB2A5C /* Resources */,
			);
			buildRules = (
			);
			dependencies = (
				C56A3F1E18DF77B700DB2A5C /* PBXTargetDependency */,
			);
			name = "df1-iosdemoTests";
			productName = "df1-iosdemoTests";
			productReference = C56A3F1818DF77B700DB2A5C /* df1-iosdemoTests.xctest */;
			productType = "com.apple.product-type.bundle.unit-test";
		};
/* End PBXNativeTarget section */

/* Begin PBXProject section */
		C56A3EEC18DF77B700DB2A5C /* Project object */ = {
			isa = PBXProject;
			attributes = {
				CLASSPREFIX = DF1;
				LastUpgradeCheck = 0800;
				ORGANIZATIONNAME = "JB Kim";
				TargetAttributes = {
					C56A3EF318DF77B700DB2A5C = {
						DevelopmentTeam = N33UWRK64F;
						SystemCapabilities = {
							com.apple.BackgroundModes = {
								enabled = 1;
							};
						};
					};
					C56A3F1718DF77B700DB2A5C = {
						DevelopmentTeam = HPUYV2MCC9;
						TestTargetID = C56A3EF318DF77B700DB2A5C;
					};
				};
			};
			buildConfigurationList = C56A3EEF18DF77B700DB2A5C /* Build configuration list for PBXProject "df1-iosdemo" */;
			compatibilityVersion = "Xcode 3.2";
			developmentRegion = English;
			hasScannedForEncodings = 0;
			knownRegions = (
				en,
				Base,
			);
			mainGroup = C56A3EEB18DF77B700DB2A5C;
			productRefGroup = C56A3EF518DF77B700DB2A5C /* Products */;
			projectDirPath = "";
			projectRoot = "";
			targets = (
				C56A3EF318DF77B700DB2A5C /* df1-iosdemo */,
				C56A3F1718DF77B700DB2A5C /* df1-iosdemoTests */,
			);
		};
/* End PBXProject section */

/* Begin PBXResourcesBuildPhase section */
		C56A3EF218DF77B700DB2A5C /* Resources */ = {
			isa = PBXResourcesBuildPhase;
			buildActionMask = 2147483647;
			files = (
				012131FD1ABF9C6300B3BDF3 /* Default~ipad.png in Resources */,
				0131D41D1AD5EBFA00D479F9 /* on@2x.png in Resources */,
				012131F31ABF9C6300B3BDF3 /* Default-568h@2x~iphone_640x1136.png in Resources */,
				C56A3F0E18DF77B700DB2A5C /* Main_iPad.storyboard in Resources */,
				0131D41E1AD5EBFA00D479F9 /* off@2x.png in Resources */,
				01FFDCFD1B2E9968000E660B /* doneBtn@2x.png in Resources */,
				C56A3F1318DF77B700DB2A5C /* Images.xcassets in Resources */,
				012131E71ABF9C6300B3BDF3 /* Icon-29.png in Resources */,
				C56A3F0B18DF77B700DB2A5C /* Main_iPhone.storyboard in Resources */,
				0134C6511B2E07C700AF926B /* DFLogoRed@2x.png in Resources */,
				012131F51ABF9C6300B3BDF3 /* Default-Landscape@2x~ipad_2048x1536.png in Resources */,
				C5AACD701AACDE4200A57F1C /* DF1_varfreq.bin in Resources */,
				012131FB1ABF9C6300B3BDF3 /* Default.png in Resources */,
				C56C08A51904A971001FF641 /* DFLOGO07_58x58.png in Resources */,
				012131F91ABF9C6300B3BDF3 /* Default-Portrait@2x~ipad_1536x2048.png in Resources */,
				012131FA1ABF9C6300B3BDF3 /* Default-Portrait~ipad_768x1024.png in Resources */,
				0134C6571B2E2B9B00AF926B /* DF1Red@2x.png in Resources */,
				012131F71ABF9C6300B3BDF3 /* Default-Landscape~ipad_1024x768.png in Resources */,
				C5CACDEA19297B5F00A2DD7B /* red-in.png in Resources */,
				01EA75B21AD05F0B0099FF52 /* Default-Landscape@2x~ipad_2048x1496.png in Resources */,
				C5AACD531A985E5F00A57F1C /* DFMove_ImgB.bin in Resources */,
				01EA75BA1AD05F0B0099FF52 /* Default@2x~iphone_640x960.png in Resources */,
				C5AACD521A985E5F00A57F1C /* DF1_rangefix.bin in Resources */,
				018159191CFC13FA000355DE /* deleteCaseBtn@2x.png in Resources */,
				C5AACD641A9A815A00A57F1C /* share.png in Resources */,
				012131FE1ABF9C6300B3BDF3 /* Default~iphone.png in Resources */,
				012131FC1ABF9C6300B3BDF3 /* Default@2x~iphone_640x960.png in Resources */,
				C5AACD691A9C256200A57F1C /* blackButton@2x.png in Resources */,
				01F826B21ABB7173003F8C97 /* DF1_flat_icon@2x.png in Resources */,
				01EA75B71AD05F0B0099FF52 /* Default-Portrait@2x~ipad_1536x2048.png in Resources */,
				01FFDCFE1B2E9968000E660B /* graphRed@2x.png in Resources */,
				C56C08AB1904BA2D001FF641 /* oem-front1-icon.png in Resources */,
				C5CACDED192982AD00A2DD7B /* red-out-dark.png in Resources */,
				012131EF1ABF9C6300B3BDF3 /* Icon-76.png in Resources */,
				012131EC1ABF9C6300B3BDF3 /* Icon-60.png in Resources */,
				012131F61ABF9C6300B3BDF3 /* Default-Landscape~ipad_1024x748.png in Resources */,
				012131EB1ABF9C6300B3BDF3 /* Icon-58.png in Resources */,
				012131F11ABF9C6300B3BDF3 /* Icon.png in Resources */,
				012131F81ABF9C6300B3BDF3 /* Default-Portrait@2x~ipad_1536x2008.png in Resources */,
				01EA75B51AD05F0B0099FF52 /* Default-Landscape~ipad_1024x768.png in Resources */,
				0131D41C1AD5EBFA00D479F9 /* off.png in Resources */,
				012131E61ABF9C6300B3BDF3 /* Icon-152.png in Resources */,
				012131E91ABF9C6300B3BDF3 /* Icon-40@2x.png in Resources */,
				01EA75BC1AD05F0B0099FF52 /* Default~iphone.png in Resources */,
				C5CACDEB19297B5F00A2DD7B /* red-out.png in Resources */,
				0131D41B1AD5EBFA00D479F9 /* on.png in Resources */,
				01FFDCFB1B2E9968000E660B /* codeTut@2x.png in Resources */,
				012131EA1ABF9C6300B3BDF3 /* Icon-50.png in Resources */,
				01EA75B41AD05F0B0099FF52 /* Default-Landscape~ipad_1024x748.png in Resources */,
				C56A3F0218DF77B700DB2A5C /* InfoPlist.strings in Resources */,
				C5AACD6C1A9C256200A57F1C /* whiteButtonHighlight@2x.png in Resources */,
				012131E51ABF9C6300B3BDF3 /* Icon-120.png in Resources */,
				012131F41ABF9C6300B3BDF3 /* Default-Landscape@2x~ipad_2048x1496.png in Resources */,
				C5AACD6A1A9C256200A57F1C /* blackButtonHighlight@2x.png in Resources */,
				C5AACD611A9A716300A57F1C /* play.png in Resources */,
				01EC0F011CF21B1A006BC3A5 /* new_use_case_btn@2x.png in Resources */,
				C5AACD621A9A716300A57F1C /* stop.png in Resources */,
				01F826B31ABB7173003F8C97 /* DF1_flat_icon.png in Resources */,
				C5AACD511A985E5F00A57F1C /* DF1_joystick_v0.2.bin in Resources */,
				01EA75B91AD05F0B0099FF52 /* Default.png in Resources */,
				012131E81ABF9C6300B3BDF3 /* Icon-40.png in Resources */,
				012131ED1ABF9C6300B3BDF3 /* Icon-72.png in Resources */,
				C5AACD551A985EF900A57F1C /* DF1_hires_v0.1.bin in Resources */,
				01EA75BB1AD05F0B0099FF52 /* Default~ipad.png in Resources */,
				01B0BE121C854EF4004F80AD /* noDevices@2x.png in Resources */,
				C5CACDE919297B5F00A2DD7B /* green-out.png in Resources */,
				012131EE1ABF9C6300B3BDF3 /* Icon-72@2x.png in Resources */,
				0134C6561B2E2B9B00AF926B /* BuyNowRed@2x.png in Resources */,
				C5CACDE819297B5F00A2DD7B /* green-in.png in Resources */,
				01EA75B11AD05F0B0099FF52 /* Default-568h@2x~iphone_640x1136.png in Resources */,
				01EA75B81AD05F0B0099FF52 /* Default-Portrait~ipad_768x1024.png in Resources */,
				C5AACD6B1A9C256200A57F1C /* whiteButton@2x.png in Resources */,
				012131F21ABF9C6300B3BDF3 /* Icon@2x.png in Resources */,
				012131F01ABF9C6300B3BDF3 /* Icon-80.png in Resources */,
				01EA75B31AD05F0B0099FF52 /* Default-Landscape@2x~ipad_2048x1536.png in Resources */,
				01FFDCFC1B2E9968000E660B /* VisitGithubBtn@2x.png in Resources */,
				C56C08A71904AA14001FF641 /* DFLOGO07_launch_2.png in Resources */,
				012131E41ABF9C6300B3BDF3 /* Icon-100.png in Resources */,
				01EA75B61AD05F0B0099FF52 /* Default-Portrait@2x~ipad_1536x2008.png in Resources */,
				C56C08A91904ACD4001FF641 /* DFLOGO07_launch_invert.png in Resources */,
			);
			runOnlyForDeploymentPostprocessing = 0;
		};
		C56A3F1618DF77B700DB2A5C /* Resources */ = {
			isa = PBXResourcesBuildPhase;
			buildActionMask = 2147483647;
			files = (
				C56A3F2418DF77B700DB2A5C /* InfoPlist.strings in Resources */,
			);
			runOnlyForDeploymentPostprocessing = 0;
		};
/* End PBXResourcesBuildPhase section */

/* Begin PBXSourcesBuildPhase section */
		C56A3EF018DF77B700DB2A5C /* Sources */ = {
			isa = PBXSourcesBuildPhase;
			buildActionMask = 2147483647;
			files = (
				C5AACD4D1A9835E700A57F1C /* DF1OADController.m in Sources */,
				C5AACD441A98289500A57F1C /* BLEUtility.m in Sources */,
				013063061B11460400DDCCFC /* DF1CellDistance.m in Sources */,
				01EC0EFF1CEFC765006BC3A5 /* DF1NewFeatureCell.m in Sources */,
				C56C08991901A4E9001FF641 /* DF1DevListController.m in Sources */,
				01955BE71B1BF4FB00CA7DD7 /* IFTTTTransform3DAnimation.m in Sources */,
				C5AACD411A98289500A57F1C /* BLETIOADProfile.m in Sources */,
				C56C089E1901C1B0001FF641 /* DF1DevCell.m in Sources */,
				C5CA41E9191AC9C000C29D76 /* F3PlotStrip.m in Sources */,
				015627D11CEBAAE60096BB42 /* DF1FeaturePickerCell.m in Sources */,
				01955BDE1B1BF4FB00CA7DD7 /* IFTTTAnimationKeyFrame.m in Sources */,
				C5A71BF3194D51ED0074B087 /* DF1CellAccTap.m in Sources */,
				01955BDD1B1BF4FB00CA7DD7 /* IFTTTAnimationFrame.m in Sources */,
				C5A71BFB195222630074B087 /* DF1CfgController.m in Sources */,
				01955BE41B1BF4FB00CA7DD7 /* IFTTTFrameAnimation.m in Sources */,
				0159C0591AD34AC7003EF1A5 /* UIColor+DF1Colors.m in Sources */,
				C5A71BE9194D48360074B087 /* MBProgressHUD.m in Sources */,
				01955BE11B1BF4FB00CA7DD7 /* IFTTTConstraintsAnimation.m in Sources */,
				01EC0EFC1CEFA391006BC3A5 /* DF1DevDetailController.m in Sources */,
				01955BDA1B1BF4FB00CA7DD7 /* IFTTTAngleAnimation.m in Sources */,
				C5AACD401A98289500A57F1C /* BLEDevice.m in Sources */,
				01FBBE1F1B1BA73F0023DCA0 /* DF1TutorialController.m in Sources */,
				01955BE51B1BF4FB00CA7DD7 /* IFTTTHideAnimation.m in Sources */,
				0194EFC41D88DC2400A87CBB /* DF1CellFlip.m in Sources */,
				01955BDF1B1BF4FB00CA7DD7 /* IFTTTAnimator.m in Sources */,
				01F826AF1AB4D35B003F8C97 /* DF1CellAccMagnitude.m in Sources */,
				C5AACD431A98289500A57F1C /* BLETIOADProgressViewController.m in Sources */,
				C56C089F1901C1B0001FF641 /* Utility.m in Sources */,
				C5AACD421A98289500A57F1C /* BLETIOADProgressDialog.m in Sources */,
				C5A71BF4194D51ED0074B087 /* DF1CellAccXyz.m in Sources */,
				01955BE61B1BF4FB00CA7DD7 /* IFTTTScaleAnimation.m in Sources */,
				01955BE31B1BF4FB00CA7DD7 /* IFTTTEasingFunction.m in Sources */,
				01955BE01B1BF4FB00CA7DD7 /* IFTTTColorAnimation.m in Sources */,
				01955BD91B1BF4FB00CA7DD7 /* IFTTTAlphaAnimation.m in Sources */,
				015627D41CEBAFAF0096BB42 /* DF1FeatureTitleCell.m in Sources */,
				C5A71BF5194D51ED0074B087 /* DF1CellBatt.m in Sources */,
				C5A71BF2194D51ED0074B087 /* DF1Cell.m in Sources */,
				C5A71BFA195222630074B087 /* DF1CfgCells.m in Sources */,
				C5AACD581A99857100A57F1C /* DF1CellDataShare.m in Sources */,
				C56A3F0818DF77B700DB2A5C /* DF1AppDelegate.m in Sources */,
				01955BDB1B1BF4FB00CA7DD7 /* IFTTTAnimatedScrollViewController.m in Sources */,
				01A2E2FA1C0295B6002B0EB7 /* DF1CellFreefall.m in Sources */,
				C56A3F0418DF77B700DB2A5C /* main.m in Sources */,
				01955BE21B1BF4FB00CA7DD7 /* IFTTTCornerRadiusAnimation.m in Sources */,
				01955BDC1B1BF4FB00CA7DD7 /* IFTTTAnimation.m in Sources */,
			);
			runOnlyForDeploymentPostprocessing = 0;
		};
		C56A3F1418DF77B700DB2A5C /* Sources */ = {
			isa = PBXSourcesBuildPhase;
			buildActionMask = 2147483647;
			files = (
				C56A3F2618DF77B700DB2A5C /* df1_iosdemoTests.m in Sources */,
			);
			runOnlyForDeploymentPostprocessing = 0;
		};
/* End PBXSourcesBuildPhase section */

/* Begin PBXTargetDependency section */
		C56A3F1E18DF77B700DB2A5C /* PBXTargetDependency */ = {
			isa = PBXTargetDependency;
			target = C56A3EF318DF77B700DB2A5C /* df1-iosdemo */;
			targetProxy = C56A3F1D18DF77B700DB2A5C /* PBXContainerItemProxy */;
		};
/* End PBXTargetDependency section */

/* Begin PBXVariantGroup section */
		C56A3F0018DF77B700DB2A5C /* InfoPlist.strings */ = {
			isa = PBXVariantGroup;
			children = (
				C56A3F0118DF77B700DB2A5C /* en */,
			);
			name = InfoPlist.strings;
			sourceTree = "<group>";
		};
		C56A3F0918DF77B700DB2A5C /* Main_iPhone.storyboard */ = {
			isa = PBXVariantGroup;
			children = (
				C56A3F0A18DF77B700DB2A5C /* Base */,
			);
			name = Main_iPhone.storyboard;
			sourceTree = "<group>";
		};
		C56A3F0C18DF77B700DB2A5C /* Main_iPad.storyboard */ = {
			isa = PBXVariantGroup;
			children = (
				C56A3F0D18DF77B700DB2A5C /* Base */,
			);
			name = Main_iPad.storyboard;
			sourceTree = "<group>";
		};
		C56A3F2218DF77B700DB2A5C /* InfoPlist.strings */ = {
			isa = PBXVariantGroup;
			children = (
				C56A3F2318DF77B700DB2A5C /* en */,
			);
			name = InfoPlist.strings;
			sourceTree = "<group>";
		};
/* End PBXVariantGroup section */

/* Begin XCBuildConfiguration section */
		C56A3F2718DF77B700DB2A5C /* Debug */ = {
			isa = XCBuildConfiguration;
			buildSettings = {
				ALWAYS_SEARCH_USER_PATHS = NO;
				CLANG_CXX_LANGUAGE_STANDARD = "gnu++0x";
				CLANG_CXX_LIBRARY = "libc++";
				CLANG_ENABLE_MODULES = YES;
				CLANG_ENABLE_OBJC_ARC = YES;
				CLANG_WARN_BOOL_CONVERSION = YES;
				CLANG_WARN_CONSTANT_CONVERSION = YES;
				CLANG_WARN_DIRECT_OBJC_ISA_USAGE = YES_ERROR;
				CLANG_WARN_EMPTY_BODY = YES;
				CLANG_WARN_ENUM_CONVERSION = YES;
				CLANG_WARN_INFINITE_RECURSION = YES;
				CLANG_WARN_INT_CONVERSION = YES;
				CLANG_WARN_OBJC_ROOT_CLASS = YES_ERROR;
				CLANG_WARN_SUSPICIOUS_MOVE = YES;
				CLANG_WARN_UNREACHABLE_CODE = YES;
				CLANG_WARN__DUPLICATE_METHOD_MATCH = YES;
				"CODE_SIGN_IDENTITY[sdk=iphoneos*]" = "iPhone Developer";
				COPY_PHASE_STRIP = NO;
				ENABLE_STRICT_OBJC_MSGSEND = YES;
				ENABLE_TESTABILITY = YES;
				GCC_C_LANGUAGE_STANDARD = gnu99;
				GCC_DYNAMIC_NO_PIC = NO;
				GCC_NO_COMMON_BLOCKS = YES;
				GCC_OPTIMIZATION_LEVEL = 0;
				GCC_PREPROCESSOR_DEFINITIONS = (
					"DEBUG=1",
					"$(inherited)",
				);
				GCC_SYMBOLS_PRIVATE_EXTERN = NO;
				GCC_WARN_64_TO_32_BIT_CONVERSION = YES;
				GCC_WARN_ABOUT_RETURN_TYPE = YES_ERROR;
				GCC_WARN_UNDECLARED_SELECTOR = YES;
				GCC_WARN_UNINITIALIZED_AUTOS = YES_AGGRESSIVE;
				GCC_WARN_UNUSED_FUNCTION = YES;
				GCC_WARN_UNUSED_VARIABLE = YES;
				IPHONEOS_DEPLOYMENT_TARGET = 8.0;
				ONLY_ACTIVE_ARCH = YES;
				SDKROOT = iphoneos;
				TARGETED_DEVICE_FAMILY = "1,2";
			};
			name = Debug;
		};
		C56A3F2818DF77B700DB2A5C /* Release */ = {
			isa = XCBuildConfiguration;
			buildSettings = {
				ALWAYS_SEARCH_USER_PATHS = NO;
				CLANG_CXX_LANGUAGE_STANDARD = "gnu++0x";
				CLANG_CXX_LIBRARY = "libc++";
				CLANG_ENABLE_MODULES = YES;
				CLANG_ENABLE_OBJC_ARC = YES;
				CLANG_WARN_BOOL_CONVERSION = YES;
				CLANG_WARN_CONSTANT_CONVERSION = YES;
				CLANG_WARN_DIRECT_OBJC_ISA_USAGE = YES_ERROR;
				CLANG_WARN_EMPTY_BODY = YES;
				CLANG_WARN_ENUM_CONVERSION = YES;
				CLANG_WARN_INFINITE_RECURSION = YES;
				CLANG_WARN_INT_CONVERSION = YES;
				CLANG_WARN_OBJC_ROOT_CLASS = YES_ERROR;
				CLANG_WARN_SUSPICIOUS_MOVE = YES;
				CLANG_WARN_UNREACHABLE_CODE = YES;
				CLANG_WARN__DUPLICATE_METHOD_MATCH = YES;
				"CODE_SIGN_IDENTITY[sdk=iphoneos*]" = "iPhone Developer";
				COPY_PHASE_STRIP = YES;
				ENABLE_NS_ASSERTIONS = NO;
				ENABLE_STRICT_OBJC_MSGSEND = YES;
				GCC_C_LANGUAGE_STANDARD = gnu99;
				GCC_NO_COMMON_BLOCKS = YES;
				GCC_WARN_64_TO_32_BIT_CONVERSION = YES;
				GCC_WARN_ABOUT_RETURN_TYPE = YES_ERROR;
				GCC_WARN_UNDECLARED_SELECTOR = YES;
				GCC_WARN_UNINITIALIZED_AUTOS = YES_AGGRESSIVE;
				GCC_WARN_UNUSED_FUNCTION = YES;
				GCC_WARN_UNUSED_VARIABLE = YES;
				IPHONEOS_DEPLOYMENT_TARGET = 8.0;
				SDKROOT = iphoneos;
				TARGETED_DEVICE_FAMILY = "1,2";
				VALIDATE_PRODUCT = YES;
			};
			name = Release;
		};
		C56A3F2A18DF77B700DB2A5C /* Debug */ = {
			isa = XCBuildConfiguration;
			buildSettings = {
				ASSETCATALOG_COMPILER_APPICON_NAME = AppIcon;
				ASSETCATALOG_COMPILER_LAUNCHIMAGE_NAME = LaunchImage;
				CODE_SIGN_IDENTITY = "iPhone Developer";
				"CODE_SIGN_IDENTITY[sdk=iphoneos*]" = "iPhone Developer";
				GCC_PRECOMPILE_PREFIX_HEADER = YES;
				GCC_PREFIX_HEADER = "df1-iosdemo/df1-iosdemo-Prefix.pch";
				HEADER_SEARCH_PATHS = (
					"$(inherited)",
					/Applications/Xcode.app/Contents/Developer/Toolchains/XcodeDefault.xctoolchain/usr/include,
					"../df1-ioslib/**",
				);
				INFOPLIST_FILE = "df1-iosdemo/df1-iosdemo-Info.plist";
				IPHONEOS_DEPLOYMENT_TARGET = 8.0;
				LIBRARY_SEARCH_PATHS = (
					"$(inherited)",
					"/Users/jbkim/Development/df/df1-ios/df1-ioslib/build/Debug-iphoneos",
					"$(USER_LIBRARY_DIR)/Developer/Xcode/DerivedData/df1-ios-workgroup-aqwizxqvuasohrgftdlcdfpbpzvj/Build/Products/Debug-iphoneos",
				);
				PRODUCT_BUNDLE_IDENTIFIER = "com.devicefactory.$(PRODUCT_NAME:rfc1034identifier)";
				PRODUCT_NAME = df1;
				PROVISIONING_PROFILE = "";
				TARGETED_DEVICE_FAMILY = 1;
				WRAPPER_EXTENSION = app;
			};
			name = Debug;
		};
		C56A3F2B18DF77B700DB2A5C /* Release */ = {
			isa = XCBuildConfiguration;
			buildSettings = {
				ASSETCATALOG_COMPILER_APPICON_NAME = AppIcon;
				ASSETCATALOG_COMPILER_LAUNCHIMAGE_NAME = LaunchImage;
				CODE_SIGN_IDENTITY = "iPhone Developer";
				"CODE_SIGN_IDENTITY[sdk=iphoneos*]" = "iPhone Developer";
				GCC_PRECOMPILE_PREFIX_HEADER = YES;
				GCC_PREFIX_HEADER = "df1-iosdemo/df1-iosdemo-Prefix.pch";
				HEADER_SEARCH_PATHS = (
					"$(inherited)",
					/Applications/Xcode.app/Contents/Developer/Toolchains/XcodeDefault.xctoolchain/usr/include,
					"../df1-ioslib/**",
				);
				INFOPLIST_FILE = "df1-iosdemo/df1-iosdemo-Info.plist";
				IPHONEOS_DEPLOYMENT_TARGET = 8.0;
				LIBRARY_SEARCH_PATHS = (
					"$(inherited)",
					"/Users/jbkim/Development/df/df1-ios/df1-ioslib/build/Debug-iphoneos",
					"$(USER_LIBRARY_DIR)/Developer/Xcode/DerivedData/df1-ios-workgroup-aqwizxqvuasohrgftdlcdfpbpzvj/Build/Products/Debug-iphoneos",
				);
				PRODUCT_BUNDLE_IDENTIFIER = "com.devicefactory.$(PRODUCT_NAME:rfc1034identifier)";
				PRODUCT_NAME = df1;
				PROVISIONING_PROFILE = "";
				TARGETED_DEVICE_FAMILY = 1;
				WRAPPER_EXTENSION = app;
			};
			name = Release;
		};
		C56A3F2D18DF77B700DB2A5C /* Debug */ = {
			isa = XCBuildConfiguration;
			buildSettings = {
				BUNDLE_LOADER = "$(BUILT_PRODUCTS_DIR)/df1-iosdemo.app/df1-iosdemo";
				FRAMEWORK_SEARCH_PATHS = (
					"$(SDKROOT)/Developer/Library/Frameworks",
					"$(inherited)",
					"$(DEVELOPER_FRAMEWORKS_DIR)",
				);
				GCC_PRECOMPILE_PREFIX_HEADER = YES;
				GCC_PREFIX_HEADER = "df1-iosdemo/df1-iosdemo-Prefix.pch";
				GCC_PREPROCESSOR_DEFINITIONS = (
					"DEBUG=1",
					"$(inherited)",
				);
				INFOPLIST_FILE = "df1-iosdemoTests/df1-iosdemoTests-Info.plist";
				PRODUCT_BUNDLE_IDENTIFIER = "df.${PRODUCT_NAME:rfc1034identifier}";
				PRODUCT_NAME = "$(TARGET_NAME)";
				TEST_HOST = "$(BUNDLE_LOADER)";
				WRAPPER_EXTENSION = xctest;
			};
			name = Debug;
		};
		C56A3F2E18DF77B700DB2A5C /* Release */ = {
			isa = XCBuildConfiguration;
			buildSettings = {
				BUNDLE_LOADER = "$(BUILT_PRODUCTS_DIR)/df1-iosdemo.app/df1-iosdemo";
				FRAMEWORK_SEARCH_PATHS = (
					"$(SDKROOT)/Developer/Library/Frameworks",
					"$(inherited)",
					"$(DEVELOPER_FRAMEWORKS_DIR)",
				);
				GCC_PRECOMPILE_PREFIX_HEADER = YES;
				GCC_PREFIX_HEADER = "df1-iosdemo/df1-iosdemo-Prefix.pch";
				INFOPLIST_FILE = "df1-iosdemoTests/df1-iosdemoTests-Info.plist";
				PRODUCT_BUNDLE_IDENTIFIER = "df.${PRODUCT_NAME:rfc1034identifier}";
				PRODUCT_NAME = "$(TARGET_NAME)";
				TEST_HOST = "$(BUNDLE_LOADER)";
				WRAPPER_EXTENSION = xctest;
			};
			name = Release;
		};
/* End XCBuildConfiguration section */

/* Begin XCConfigurationList section */
		C56A3EEF18DF77B700DB2A5C /* Build configuration list for PBXProject "df1-iosdemo" */ = {
			isa = XCConfigurationList;
			buildConfigurations = (
				C56A3F2718DF77B700DB2A5C /* Debug */,
				C56A3F2818DF77B700DB2A5C /* Release */,
			);
			defaultConfigurationIsVisible = 0;
			defaultConfigurationName = Release;
		};
		C56A3F2918DF77B700DB2A5C /* Build configuration list for PBXNativeTarget "df1-iosdemo" */ = {
			isa = XCConfigurationList;
			buildConfigurations = (
				C56A3F2A18DF77B700DB2A5C /* Debug */,
				C56A3F2B18DF77B700DB2A5C /* Release */,
			);
			defaultConfigurationIsVisible = 0;
			defaultConfigurationName = Release;
		};
		C56A3F2C18DF77B700DB2A5C /* Build configuration list for PBXNativeTarget "df1-iosdemoTests" */ = {
			isa = XCConfigurationList;
			buildConfigurations = (
				C56A3F2D18DF77B700DB2A5C /* Debug */,
				C56A3F2E18DF77B700DB2A5C /* Release */,
			);
			defaultConfigurationIsVisible = 0;
			defaultConfigurationName = Release;
		};
/* End XCConfigurationList section */
	};
	rootObject = C56A3EEC18DF77B700DB2A5C /* Project object */;
}
