// !$*UTF8*$!
{
	archiveVersion = 1;
	classes = {
	};
	objectVersion = 46;
	objects = {

/* Begin PBXBuildFile section */
		C56A3EF818DF77B700DB2A5C /* Foundation.framework in Frameworks */ = {isa = PBXBuildFile; fileRef = C56A3EF718DF77B700DB2A5C /* Foundation.framework */; };
		C56A3EFA18DF77B700DB2A5C /* CoreGraphics.framework in Frameworks */ = {isa = PBXBuildFile; fileRef = C56A3EF918DF77B700DB2A5C /* CoreGraphics.framework */; };
		C56A3EFC18DF77B700DB2A5C /* UIKit.framework in Frameworks */ = {isa = PBXBuildFile; fileRef = C56A3EFB18DF77B700DB2A5C /* UIKit.framework */; };
		C56A3F0218DF77B700DB2A5C /* InfoPlist.strings in Resources */ = {isa = PBXBuildFile; fileRef = C56A3F0018DF77B700DB2A5C /* InfoPlist.strings */; };
		C56A3F0418DF77B700DB2A5C /* main.m in Sources */ = {isa = PBXBuildFile; fileRef = C56A3F0318DF77B700DB2A5C /* main.m */; };
		C56A3F0818DF77B700DB2A5C /* DF1AppDelegate.m in Sources */ = {isa = PBXBuildFile; fileRef = C56A3F0718DF77B700DB2A5C /* DF1AppDelegate.m */; };
		C56A3F0B18DF77B700DB2A5C /* Main_iPhone.storyboard in Resources */ = {isa = PBXBuildFile; fileRef = C56A3F0918DF77B700DB2A5C /* Main_iPhone.storyboard */; };
		C56A3F0E18DF77B700DB2A5C /* Main_iPad.storyboard in Resources */ = {isa = PBXBuildFile; fileRef = C56A3F0C18DF77B700DB2A5C /* Main_iPad.storyboard */; };
		C56A3F1318DF77B700DB2A5C /* Images.xcassets in Resources */ = {isa = PBXBuildFile; fileRef = C56A3F1218DF77B700DB2A5C /* Images.xcassets */; };
		C56A3F1A18DF77B700DB2A5C /* XCTest.framework in Frameworks */ = {isa = PBXBuildFile; fileRef = C56A3F1918DF77B700DB2A5C /* XCTest.framework */; };
		C56A3F1B18DF77B700DB2A5C /* Foundation.framework in Frameworks */ = {isa = PBXBuildFile; fileRef = C56A3EF718DF77B700DB2A5C /* Foundation.framework */; };
		C56A3F1C18DF77B700DB2A5C /* UIKit.framework in Frameworks */ = {isa = PBXBuildFile; fileRef = C56A3EFB18DF77B700DB2A5C /* UIKit.framework */; };
		C56A3F2418DF77B700DB2A5C /* InfoPlist.strings in Resources */ = {isa = PBXBuildFile; fileRef = C56A3F2218DF77B700DB2A5C /* InfoPlist.strings */; };
		C56A3F2618DF77B700DB2A5C /* df1_iosdemoTests.m in Sources */ = {isa = PBXBuildFile; fileRef = C56A3F2518DF77B700DB2A5C /* df1_iosdemoTests.m */; };
		C56A3F9B18DF839200DB2A5C /* CoreBluetooth.framework in Frameworks */ = {isa = PBXBuildFile; fileRef = C56A3F9A18DF839200DB2A5C /* CoreBluetooth.framework */; };
		C56A3F9D18DF839A00DB2A5C /* libdf1-ioslib.a in Frameworks */ = {isa = PBXBuildFile; fileRef = C56A3F9C18DF839A00DB2A5C /* libdf1-ioslib.a */; };
		C56C08991901A4E9001FF641 /* DF1DevListController.m in Sources */ = {isa = PBXBuildFile; fileRef = C56C08981901A4E9001FF641 /* DF1DevListController.m */; };
		C56C089E1901C1B0001FF641 /* DF1DevCell.m in Sources */ = {isa = PBXBuildFile; fileRef = C56C089B1901C1B0001FF641 /* DF1DevCell.m */; };
		C56C089F1901C1B0001FF641 /* Utility.m in Sources */ = {isa = PBXBuildFile; fileRef = C56C089D1901C1B0001FF641 /* Utility.m */; };
		C56C08A51904A971001FF641 /* DFLOGO07_58x58.png in Resources */ = {isa = PBXBuildFile; fileRef = C56C08A41904A971001FF641 /* DFLOGO07_58x58.png */; };
		C56C08A71904AA14001FF641 /* DFLOGO07_launch_2.png in Resources */ = {isa = PBXBuildFile; fileRef = C56C08A61904AA14001FF641 /* DFLOGO07_launch_2.png */; };
		C56C08A91904ACD4001FF641 /* DFLOGO07_launch_invert.png in Resources */ = {isa = PBXBuildFile; fileRef = C56C08A81904ACD4001FF641 /* DFLOGO07_launch_invert.png */; };
		C56C08AB1904BA2D001FF641 /* oem-front1-icon.png in Resources */ = {isa = PBXBuildFile; fileRef = C56C08AA1904BA2D001FF641 /* oem-front1-icon.png */; };
		C579DD47190EFB2A0029B92D /* DF1DevDetailCells.m in Sources */ = {isa = PBXBuildFile; fileRef = C579DD44190EFB2A0029B92D /* DF1DevDetailCells.m */; };
		C579DD48190EFB2A0029B92D /* DF1DevDetailController.m in Sources */ = {isa = PBXBuildFile; fileRef = C579DD46190EFB2A0029B92D /* DF1DevDetailController.m */; };
/* End PBXBuildFile section */

/* Begin PBXContainerItemProxy section */
		C56A3F1D18DF77B700DB2A5C /* PBXContainerItemProxy */ = {
			isa = PBXContainerItemProxy;
			containerPortal = C56A3EEC18DF77B700DB2A5C /* Project object */;
			proxyType = 1;
			remoteGlobalIDString = C56A3EF318DF77B700DB2A5C;
			remoteInfo = "df1-iosdemo";
		};
/* End PBXContainerItemProxy section */

/* Begin PBXFileReference section */
		C56A3EF418DF77B700DB2A5C /* df1-iosdemo.app */ = {isa = PBXFileReference; explicitFileType = wrapper.application; includeInIndex = 0; path = "df1-iosdemo.app"; sourceTree = BUILT_PRODUCTS_DIR; };
		C56A3EF718DF77B700DB2A5C /* Foundation.framework */ = {isa = PBXFileReference; lastKnownFileType = wrapper.framework; name = Foundation.framework; path = System/Library/Frameworks/Foundation.framework; sourceTree = SDKROOT; };
		C56A3EF918DF77B700DB2A5C /* CoreGraphics.framework */ = {isa = PBXFileReference; lastKnownFileType = wrapper.framework; name = CoreGraphics.framework; path = System/Library/Frameworks/CoreGraphics.framework; sourceTree = SDKROOT; };
		C56A3EFB18DF77B700DB2A5C /* UIKit.framework */ = {isa = PBXFileReference; lastKnownFileType = wrapper.framework; name = UIKit.framework; path = System/Library/Frameworks/UIKit.framework; sourceTree = SDKROOT; };
		C56A3EFF18DF77B700DB2A5C /* df1-iosdemo-Info.plist */ = {isa = PBXFileReference; lastKnownFileType = text.plist.xml; path = "df1-iosdemo-Info.plist"; sourceTree = "<group>"; };
		C56A3F0118DF77B700DB2A5C /* en */ = {isa = PBXFileReference; lastKnownFileType = text.plist.strings; name = en; path = en.lproj/InfoPlist.strings; sourceTree = "<group>"; };
		C56A3F0318DF77B700DB2A5C /* main.m */ = {isa = PBXFileReference; lastKnownFileType = sourcecode.c.objc; path = main.m; sourceTree = "<group>"; };
		C56A3F0518DF77B700DB2A5C /* df1-iosdemo-Prefix.pch */ = {isa = PBXFileReference; lastKnownFileType = sourcecode.c.h; path = "df1-iosdemo-Prefix.pch"; sourceTree = "<group>"; };
		C56A3F0618DF77B700DB2A5C /* DF1AppDelegate.h */ = {isa = PBXFileReference; lastKnownFileType = sourcecode.c.h; path = DF1AppDelegate.h; sourceTree = "<group>"; };
		C56A3F0718DF77B700DB2A5C /* DF1AppDelegate.m */ = {isa = PBXFileReference; lastKnownFileType = sourcecode.c.objc; path = DF1AppDelegate.m; sourceTree = "<group>"; };
		C56A3F0A18DF77B700DB2A5C /* Base */ = {isa = PBXFileReference; lastKnownFileType = file.storyboard; name = Base; path = Base.lproj/Main_iPhone.storyboard; sourceTree = "<group>"; };
		C56A3F0D18DF77B700DB2A5C /* Base */ = {isa = PBXFileReference; lastKnownFileType = file.storyboard; name = Base; path = Base.lproj/Main_iPad.storyboard; sourceTree = "<group>"; };
		C56A3F1218DF77B700DB2A5C /* Images.xcassets */ = {isa = PBXFileReference; lastKnownFileType = folder.assetcatalog; path = Images.xcassets; sourceTree = "<group>"; };
		C56A3F1818DF77B700DB2A5C /* df1-iosdemoTests.xctest */ = {isa = PBXFileReference; explicitFileType = wrapper.cfbundle; includeInIndex = 0; path = "df1-iosdemoTests.xctest"; sourceTree = BUILT_PRODUCTS_DIR; };
		C56A3F1918DF77B700DB2A5C /* XCTest.framework */ = {isa = PBXFileReference; lastKnownFileType = wrapper.framework; name = XCTest.framework; path = Library/Frameworks/XCTest.framework; sourceTree = DEVELOPER_DIR; };
		C56A3F2118DF77B700DB2A5C /* df1-iosdemoTests-Info.plist */ = {isa = PBXFileReference; lastKnownFileType = text.plist.xml; path = "df1-iosdemoTests-Info.plist"; sourceTree = "<group>"; };
		C56A3F2318DF77B700DB2A5C /* en */ = {isa = PBXFileReference; lastKnownFileType = text.plist.strings; name = en; path = en.lproj/InfoPlist.strings; sourceTree = "<group>"; };
		C56A3F2518DF77B700DB2A5C /* df1_iosdemoTests.m */ = {isa = PBXFileReference; lastKnownFileType = sourcecode.c.objc; path = df1_iosdemoTests.m; sourceTree = "<group>"; };
		C56A3F9A18DF839200DB2A5C /* CoreBluetooth.framework */ = {isa = PBXFileReference; lastKnownFileType = wrapper.framework; name = CoreBluetooth.framework; path = System/Library/Frameworks/CoreBluetooth.framework; sourceTree = SDKROOT; };
		C56A3F9C18DF839A00DB2A5C /* libdf1-ioslib.a */ = {isa = PBXFileReference; lastKnownFileType = archive.ar; name = "libdf1-ioslib.a"; path = "../df1-ioslib/build/Debug-iphoneos/libdf1-ioslib.a"; sourceTree = "<group>"; };
		C56C08971901A4E9001FF641 /* DF1DevListController.h */ = {isa = PBXFileReference; fileEncoding = 4; lastKnownFileType = sourcecode.c.h; path = DF1DevListController.h; sourceTree = "<group>"; };
		C56C08981901A4E9001FF641 /* DF1DevListController.m */ = {isa = PBXFileReference; fileEncoding = 4; lastKnownFileType = sourcecode.c.objc; path = DF1DevListController.m; sourceTree = "<group>"; };
		C56C089A1901C1B0001FF641 /* DF1DevCell.h */ = {isa = PBXFileReference; fileEncoding = 4; lastKnownFileType = sourcecode.c.h; path = DF1DevCell.h; sourceTree = "<group>"; };
		C56C089B1901C1B0001FF641 /* DF1DevCell.m */ = {isa = PBXFileReference; fileEncoding = 4; lastKnownFileType = sourcecode.c.objc; path = DF1DevCell.m; sourceTree = "<group>"; };
		C56C089C1901C1B0001FF641 /* Utility.h */ = {isa = PBXFileReference; fileEncoding = 4; lastKnownFileType = sourcecode.c.h; path = Utility.h; sourceTree = "<group>"; };
		C56C089D1901C1B0001FF641 /* Utility.m */ = {isa = PBXFileReference; fileEncoding = 4; lastKnownFileType = sourcecode.c.objc; path = Utility.m; sourceTree = "<group>"; };
		C56C08A41904A971001FF641 /* DFLOGO07_58x58.png */ = {isa = PBXFileReference; lastKnownFileType = image.png; name = DFLOGO07_58x58.png; path = "df1-iosdemo/assets/DFLOGO07_58x58.png"; sourceTree = "<group>"; };
		C56C08A61904AA14001FF641 /* DFLOGO07_launch_2.png */ = {isa = PBXFileReference; lastKnownFileType = image.png; name = DFLOGO07_launch_2.png; path = "df1-iosdemo/assets/DFLOGO07_launch_2.png"; sourceTree = "<group>"; };
		C56C08A81904ACD4001FF641 /* DFLOGO07_launch_invert.png */ = {isa = PBXFileReference; lastKnownFileType = image.png; name = DFLOGO07_launch_invert.png; path = "df1-iosdemo/assets/DFLOGO07_launch_invert.png"; sourceTree = "<group>"; };
		C56C08AA1904BA2D001FF641 /* oem-front1-icon.png */ = {isa = PBXFileReference; lastKnownFileType = image.png; name = "oem-front1-icon.png"; path = "df1-iosdemo/assets/oem-front1-icon.png"; sourceTree = "<group>"; };
		C579DD43190EFB2A0029B92D /* DF1DevDetailCells.h */ = {isa = PBXFileReference; fileEncoding = 4; lastKnownFileType = sourcecode.c.h; path = DF1DevDetailCells.h; sourceTree = "<group>"; };
		C579DD44190EFB2A0029B92D /* DF1DevDetailCells.m */ = {isa = PBXFileReference; fileEncoding = 4; lastKnownFileType = sourcecode.c.objc; path = DF1DevDetailCells.m; sourceTree = "<group>"; };
		C579DD45190EFB2A0029B92D /* DF1DevDetailController.h */ = {isa = PBXFileReference; fileEncoding = 4; lastKnownFileType = sourcecode.c.h; path = DF1DevDetailController.h; sourceTree = "<group>"; };
		C579DD46190EFB2A0029B92D /* DF1DevDetailController.m */ = {isa = PBXFileReference; fileEncoding = 4; lastKnownFileType = sourcecode.c.objc; path = DF1DevDetailController.m; sourceTree = "<group>"; };
/* End PBXFileReference section */

/* Begin PBXFrameworksBuildPhase section */
		C56A3EF118DF77B700DB2A5C /* Frameworks */ = {
			isa = PBXFrameworksBuildPhase;
			buildActionMask = 2147483647;
			files = (
				C56A3F9D18DF839A00DB2A5C /* libdf1-ioslib.a in Frameworks */,
				C56A3F9B18DF839200DB2A5C /* CoreBluetooth.framework in Frameworks */,
				C56A3EFA18DF77B700DB2A5C /* CoreGraphics.framework in Frameworks */,
				C56A3EFC18DF77B700DB2A5C /* UIKit.framework in Frameworks */,
				C56A3EF818DF77B700DB2A5C /* Foundation.framework in Frameworks */,
			);
			runOnlyForDeploymentPostprocessing = 0;
		};
		C56A3F1518DF77B700DB2A5C /* Frameworks */ = {
			isa = PBXFrameworksBuildPhase;
			buildActionMask = 2147483647;
			files = (
				C56A3F1A18DF77B700DB2A5C /* XCTest.framework in Frameworks */,
				C56A3F1C18DF77B700DB2A5C /* UIKit.framework in Frameworks */,
				C56A3F1B18DF77B700DB2A5C /* Foundation.framework in Frameworks */,
			);
			runOnlyForDeploymentPostprocessing = 0;
		};
/* End PBXFrameworksBuildPhase section */

/* Begin PBXGroup section */
		C56A3EEB18DF77B700DB2A5C = {
			isa = PBXGroup;
			children = (
				C56C08A31904A95F001FF641 /* assets */,
				C56A3EFD18DF77B700DB2A5C /* df1-iosdemo */,
				C56A3F1F18DF77B700DB2A5C /* df1-iosdemoTests */,
				C56A3EF618DF77B700DB2A5C /* Frameworks */,
				C56A3EF518DF77B700DB2A5C /* Products */,
			);
			sourceTree = "<group>";
		};
		C56A3EF518DF77B700DB2A5C /* Products */ = {
			isa = PBXGroup;
			children = (
				C56A3EF418DF77B700DB2A5C /* df1-iosdemo.app */,
				C56A3F1818DF77B700DB2A5C /* df1-iosdemoTests.xctest */,
			);
			name = Products;
			sourceTree = "<group>";
		};
		C56A3EF618DF77B700DB2A5C /* Frameworks */ = {
			isa = PBXGroup;
			children = (
				C56A3F9C18DF839A00DB2A5C /* libdf1-ioslib.a */,
				C56A3F9A18DF839200DB2A5C /* CoreBluetooth.framework */,
				C56A3EF718DF77B700DB2A5C /* Foundation.framework */,
				C56A3EF918DF77B700DB2A5C /* CoreGraphics.framework */,
				C56A3EFB18DF77B700DB2A5C /* UIKit.framework */,
				C56A3F1918DF77B700DB2A5C /* XCTest.framework */,
			);
			name = Frameworks;
			sourceTree = "<group>";
		};
		C56A3EFD18DF77B700DB2A5C /* df1-iosdemo */ = {
			isa = PBXGroup;
			children = (
				C579DD43190EFB2A0029B92D /* DF1DevDetailCells.h */,
				C579DD44190EFB2A0029B92D /* DF1DevDetailCells.m */,
				C579DD45190EFB2A0029B92D /* DF1DevDetailController.h */,
				C579DD46190EFB2A0029B92D /* DF1DevDetailController.m */,
				C56C089A1901C1B0001FF641 /* DF1DevCell.h */,
				C56C089B1901C1B0001FF641 /* DF1DevCell.m */,
				C56C089C1901C1B0001FF641 /* Utility.h */,
				C56C089D1901C1B0001FF641 /* Utility.m */,
				C56C08971901A4E9001FF641 /* DF1DevListController.h */,
				C56C08981901A4E9001FF641 /* DF1DevListController.m */,
				C56A3F0618DF77B700DB2A5C /* DF1AppDelegate.h */,
				C56A3F0718DF77B700DB2A5C /* DF1AppDelegate.m */,
				C56A3F0918DF77B700DB2A5C /* Main_iPhone.storyboard */,
				C56A3F0C18DF77B700DB2A5C /* Main_iPad.storyboard */,
				C56A3F1218DF77B700DB2A5C /* Images.xcassets */,
				C56A3EFE18DF77B700DB2A5C /* Supporting Files */,
			);
			path = "df1-iosdemo";
			sourceTree = "<group>";
		};
		C56A3EFE18DF77B700DB2A5C /* Supporting Files */ = {
			isa = PBXGroup;
			children = (
				C56A3EFF18DF77B700DB2A5C /* df1-iosdemo-Info.plist */,
				C56A3F0018DF77B700DB2A5C /* InfoPlist.strings */,
				C56A3F0318DF77B700DB2A5C /* main.m */,
				C56A3F0518DF77B700DB2A5C /* df1-iosdemo-Prefix.pch */,
			);
			name = "Supporting Files";
			sourceTree = "<group>";
		};
		C56A3F1F18DF77B700DB2A5C /* df1-iosdemoTests */ = {
			isa = PBXGroup;
			children = (
				C56A3F2518DF77B700DB2A5C /* df1_iosdemoTests.m */,
				C56A3F2018DF77B700DB2A5C /* Supporting Files */,
			);
			path = "df1-iosdemoTests";
			sourceTree = "<group>";
		};
		C56A3F2018DF77B700DB2A5C /* Supporting Files */ = {
			isa = PBXGroup;
			children = (
				C56A3F2118DF77B700DB2A5C /* df1-iosdemoTests-Info.plist */,
				C56A3F2218DF77B700DB2A5C /* InfoPlist.strings */,
			);
			name = "Supporting Files";
			sourceTree = "<group>";
		};
		C56C08A31904A95F001FF641 /* assets */ = {
			isa = PBXGroup;
			children = (
				C56C08AA1904BA2D001FF641 /* oem-front1-icon.png */,
				C56C08A81904ACD4001FF641 /* DFLOGO07_launch_invert.png */,
				C56C08A61904AA14001FF641 /* DFLOGO07_launch_2.png */,
				C56C08A41904A971001FF641 /* DFLOGO07_58x58.png */,
			);
			name = assets;
			sourceTree = "<group>";
		};
/* End PBXGroup section */

/* Begin PBXNativeTarget section */
		C56A3EF318DF77B700DB2A5C /* df1-iosdemo */ = {
			isa = PBXNativeTarget;
			buildConfigurationList = C56A3F2918DF77B700DB2A5C /* Build configuration list for PBXNativeTarget "df1-iosdemo" */;
			buildPhases = (
				C56A3EF018DF77B700DB2A5C /* Sources */,
				C56A3EF118DF77B700DB2A5C /* Frameworks */,
				C56A3EF218DF77B700DB2A5C /* Resources */,
			);
			buildRules = (
			);
			dependencies = (
			);
			name = "df1-iosdemo";
			productName = "df1-iosdemo";
			productReference = C56A3EF418DF77B700DB2A5C /* df1-iosdemo.app */;
			productType = "com.apple.product-type.application";
		};
		C56A3F1718DF77B700DB2A5C /* df1-iosdemoTests */ = {
			isa = PBXNativeTarget;
			buildConfigurationList = C56A3F2C18DF77B700DB2A5C /* Build configuration list for PBXNativeTarget "df1-iosdemoTests" */;
			buildPhases = (
				C56A3F1418DF77B700DB2A5C /* Sources */,
				C56A3F1518DF77B700DB2A5C /* Frameworks */,
				C56A3F1618DF77B700DB2A5C /* Resources */,
			);
			buildRules = (
			);
			dependencies = (
				C56A3F1E18DF77B700DB2A5C /* PBXTargetDependency */,
			);
			name = "df1-iosdemoTests";
			productName = "df1-iosdemoTests";
			productReference = C56A3F1818DF77B700DB2A5C /* df1-iosdemoTests.xctest */;
			productType = "com.apple.product-type.bundle.unit-test";
		};
/* End PBXNativeTarget section */

/* Begin PBXProject section */
		C56A3EEC18DF77B700DB2A5C /* Project object */ = {
			isa = PBXProject;
			attributes = {
				CLASSPREFIX = DF1;
				LastUpgradeCheck = 0510;
				ORGANIZATIONNAME = "JB Kim";
				TargetAttributes = {
					C56A3F1718DF77B700DB2A5C = {
						TestTargetID = C56A3EF318DF77B700DB2A5C;
					};
				};
			};
			buildConfigurationList = C56A3EEF18DF77B700DB2A5C /* Build configuration list for PBXProject "df1-iosdemo" */;
			compatibilityVersion = "Xcode 3.2";
			developmentRegion = English;
			hasScannedForEncodings = 0;
			knownRegions = (
				en,
				Base,
			);
			mainGroup = C56A3EEB18DF77B700DB2A5C;
			productRefGroup = C56A3EF518DF77B700DB2A5C /* Products */;
			projectDirPath = "";
			projectRoot = "";
			targets = (
				C56A3EF318DF77B700DB2A5C /* df1-iosdemo */,
				C56A3F1718DF77B700DB2A5C /* df1-iosdemoTests */,
			);
		};
/* End PBXProject section */

/* Begin PBXResourcesBuildPhase section */
		C56A3EF218DF77B700DB2A5C /* Resources */ = {
			isa = PBXResourcesBuildPhase;
			buildActionMask = 2147483647;
			files = (
				C56A3F0E18DF77B700DB2A5C /* Main_iPad.storyboard in Resources */,
				C56A3F1318DF77B700DB2A5C /* Images.xcassets in Resources */,
				C56A3F0B18DF77B700DB2A5C /* Main_iPhone.storyboard in Resources */,
				C56C08A51904A971001FF641 /* DFLOGO07_58x58.png in Resources */,
				C56C08AB1904BA2D001FF641 /* oem-front1-icon.png in Resources */,
				C56A3F0218DF77B700DB2A5C /* InfoPlist.strings in Resources */,
				C56C08A71904AA14001FF641 /* DFLOGO07_launch_2.png in Resources */,
				C56C08A91904ACD4001FF641 /* DFLOGO07_launch_invert.png in Resources */,
			);
			runOnlyForDeploymentPostprocessing = 0;
		};
		C56A3F1618DF77B700DB2A5C /* Resources */ = {
			isa = PBXResourcesBuildPhase;
			buildActionMask = 2147483647;
			files = (
				C56A3F2418DF77B700DB2A5C /* InfoPlist.strings in Resources */,
			);
			runOnlyForDeploymentPostprocessing = 0;
		};
/* End PBXResourcesBuildPhase section */

/* Begin PBXSourcesBuildPhase section */
		C56A3EF018DF77B700DB2A5C /* Sources */ = {
			isa = PBXSourcesBuildPhase;
			buildActionMask = 2147483647;
			files = (
				C56C08991901A4E9001FF641 /* DF1DevListController.m in Sources */,
				C56C089E1901C1B0001FF641 /* DF1DevCell.m in Sources */,
				C579DD47190EFB2A0029B92D /* DF1DevDetailCells.m in Sources */,
				C56C089F1901C1B0001FF641 /* Utility.m in Sources */,
				C579DD48190EFB2A0029B92D /* DF1DevDetailController.m in Sources */,
				C56A3F0818DF77B700DB2A5C /* DF1AppDelegate.m in Sources */,
				C56A3F0418DF77B700DB2A5C /* main.m in Sources */,
			);
			runOnlyForDeploymentPostprocessing = 0;
		};
		C56A3F1418DF77B700DB2A5C /* Sources */ = {
			isa = PBXSourcesBuildPhase;
			buildActionMask = 2147483647;
			files = (
				C56A3F2618DF77B700DB2A5C /* df1_iosdemoTests.m in Sources */,
			);
			runOnlyForDeploymentPostprocessing = 0;
		};
/* End PBXSourcesBuildPhase section */

/* Begin PBXTargetDependency section */
		C56A3F1E18DF77B700DB2A5C /* PBXTargetDependency */ = {
			isa = PBXTargetDependency;
			target = C56A3EF318DF77B700DB2A5C /* df1-iosdemo */;
			targetProxy = C56A3F1D18DF77B700DB2A5C /* PBXContainerItemProxy */;
		};
/* End PBXTargetDependency section */

/* Begin PBXVariantGroup section */
		C56A3F0018DF77B700DB2A5C /* InfoPlist.strings */ = {
			isa = PBXVariantGroup;
			children = (
				C56A3F0118DF77B700DB2A5C /* en */,
			);
			name = InfoPlist.strings;
			sourceTree = "<group>";
		};
		C56A3F0918DF77B700DB2A5C /* Main_iPhone.storyboard */ = {
			isa = PBXVariantGroup;
			children = (
				C56A3F0A18DF77B700DB2A5C /* Base */,
			);
			name = Main_iPhone.storyboard;
			sourceTree = "<group>";
		};
		C56A3F0C18DF77B700DB2A5C /* Main_iPad.storyboard */ = {
			isa = PBXVariantGroup;
			children = (
				C56A3F0D18DF77B700DB2A5C /* Base */,
			);
			name = Main_iPad.storyboard;
			sourceTree = "<group>";
		};
		C56A3F2218DF77B700DB2A5C /* InfoPlist.strings */ = {
			isa = PBXVariantGroup;
			children = (
				C56A3F2318DF77B700DB2A5C /* en */,
			);
			name = InfoPlist.strings;
			sourceTree = "<group>";
		};
/* End PBXVariantGroup section */

/* Begin XCBuildConfiguration section */
		C56A3F2718DF77B700DB2A5C /* Debug */ = {
			isa = XCBuildConfiguration;
			buildSettings = {
				ALWAYS_SEARCH_USER_PATHS = NO;
				CLANG_CXX_LANGUAGE_STANDARD = "gnu++0x";
				CLANG_CXX_LIBRARY = "libc++";
				CLANG_ENABLE_MODULES = YES;
				CLANG_ENABLE_OBJC_ARC = YES;
				CLANG_WARN_BOOL_CONVERSION = YES;
				CLANG_WARN_CONSTANT_CONVERSION = YES;
				CLANG_WARN_DIRECT_OBJC_ISA_USAGE = YES_ERROR;
				CLANG_WARN_EMPTY_BODY = YES;
				CLANG_WARN_ENUM_CONVERSION = YES;
				CLANG_WARN_INT_CONVERSION = YES;
				CLANG_WARN_OBJC_ROOT_CLASS = YES_ERROR;
				CLANG_WARN__DUPLICATE_METHOD_MATCH = YES;
				"CODE_SIGN_IDENTITY[sdk=iphoneos*]" = "iPhone Developer";
				COPY_PHASE_STRIP = NO;
				GCC_C_LANGUAGE_STANDARD = gnu99;
				GCC_DYNAMIC_NO_PIC = NO;
				GCC_OPTIMIZATION_LEVEL = 0;
				GCC_PREPROCESSOR_DEFINITIONS = (
					"DEBUG=1",
					"$(inherited)",
				);
				GCC_SYMBOLS_PRIVATE_EXTERN = NO;
				GCC_WARN_64_TO_32_BIT_CONVERSION = YES;
				GCC_WARN_ABOUT_RETURN_TYPE = YES_ERROR;
				GCC_WARN_UNDECLARED_SELECTOR = YES;
				GCC_WARN_UNINITIALIZED_AUTOS = YES_AGGRESSIVE;
				GCC_WARN_UNUSED_FUNCTION = YES;
				GCC_WARN_UNUSED_VARIABLE = YES;
				IPHONEOS_DEPLOYMENT_TARGET = 7.1;
				ONLY_ACTIVE_ARCH = YES;
				SDKROOT = iphoneos;
				TARGETED_DEVICE_FAMILY = "1,2";
			};
			name = Debug;
		};
		C56A3F2818DF77B700DB2A5C /* Release */ = {
			isa = XCBuildConfiguration;
			buildSettings = {
				ALWAYS_SEARCH_USER_PATHS = NO;
				CLANG_CXX_LANGUAGE_STANDARD = "gnu++0x";
				CLANG_CXX_LIBRARY = "libc++";
				CLANG_ENABLE_MODULES = YES;
				CLANG_ENABLE_OBJC_ARC = YES;
				CLANG_WARN_BOOL_CONVERSION = YES;
				CLANG_WARN_CONSTANT_CONVERSION = YES;
				CLANG_WARN_DIRECT_OBJC_ISA_USAGE = YES_ERROR;
				CLANG_WARN_EMPTY_BODY = YES;
				CLANG_WARN_ENUM_CONVERSION = YES;
				CLANG_WARN_INT_CONVERSION = YES;
				CLANG_WARN_OBJC_ROOT_CLASS = YES_ERROR;
				CLANG_WARN__DUPLICATE_METHOD_MATCH = YES;
				"CODE_SIGN_IDENTITY[sdk=iphoneos*]" = "iPhone Developer";
				COPY_PHASE_STRIP = YES;
				ENABLE_NS_ASSERTIONS = NO;
				GCC_C_LANGUAGE_STANDARD = gnu99;
				GCC_WARN_64_TO_32_BIT_CONVERSION = YES;
				GCC_WARN_ABOUT_RETURN_TYPE = YES_ERROR;
				GCC_WARN_UNDECLARED_SELECTOR = YES;
				GCC_WARN_UNINITIALIZED_AUTOS = YES_AGGRESSIVE;
				GCC_WARN_UNUSED_FUNCTION = YES;
				GCC_WARN_UNUSED_VARIABLE = YES;
				IPHONEOS_DEPLOYMENT_TARGET = 7.1;
				SDKROOT = iphoneos;
				TARGETED_DEVICE_FAMILY = "1,2";
				VALIDATE_PRODUCT = YES;
			};
			name = Release;
		};
		C56A3F2A18DF77B700DB2A5C /* Debug */ = {
			isa = XCBuildConfiguration;
			buildSettings = {
				ASSETCATALOG_COMPILER_APPICON_NAME = AppIcon;
				ASSETCATALOG_COMPILER_LAUNCHIMAGE_NAME = LaunchImage;
				GCC_PRECOMPILE_PREFIX_HEADER = YES;
				GCC_PREFIX_HEADER = "df1-iosdemo/df1-iosdemo-Prefix.pch";
				HEADER_SEARCH_PATHS = (
					"$(inherited)",
					/Applications/Xcode.app/Contents/Developer/Toolchains/XcodeDefault.xctoolchain/usr/include,
					"../df1-ioslib/**",
				);
				INFOPLIST_FILE = "df1-iosdemo/df1-iosdemo-Info.plist";
				LIBRARY_SEARCH_PATHS = (
					"$(inherited)",
					"/Users/jbkim/Development/df/df1-ios/df1-ioslib/build/Debug-iphoneos",
				);
				PRODUCT_NAME = "$(TARGET_NAME)";
				TARGETED_DEVICE_FAMILY = 1;
				WRAPPER_EXTENSION = app;
			};
			name = Debug;
		};
		C56A3F2B18DF77B700DB2A5C /* Release */ = {
			isa = XCBuildConfiguration;
			buildSettings = {
				ASSETCATALOG_COMPILER_APPICON_NAME = AppIcon;
				ASSETCATALOG_COMPILER_LAUNCHIMAGE_NAME = LaunchImage;
				GCC_PRECOMPILE_PREFIX_HEADER = YES;
				GCC_PREFIX_HEADER = "df1-iosdemo/df1-iosdemo-Prefix.pch";
				HEADER_SEARCH_PATHS = (
					"$(inherited)",
					/Applications/Xcode.app/Contents/Developer/Toolchains/XcodeDefault.xctoolchain/usr/include,
					"../df1-ioslib/**",
				);
				INFOPLIST_FILE = "df1-iosdemo/df1-iosdemo-Info.plist";
				LIBRARY_SEARCH_PATHS = (
					"$(inherited)",
					"/Users/jbkim/Development/df/df1-ios/df1-ioslib/build/Debug-iphoneos",
				);
				PRODUCT_NAME = "$(TARGET_NAME)";
				TARGETED_DEVICE_FAMILY = 1;
				WRAPPER_EXTENSION = app;
			};
			name = Release;
		};
		C56A3F2D18DF77B700DB2A5C /* Debug */ = {
			isa = XCBuildConfiguration;
			buildSettings = {
				BUNDLE_LOADER = "$(BUILT_PRODUCTS_DIR)/df1-iosdemo.app/df1-iosdemo";
				FRAMEWORK_SEARCH_PATHS = (
					"$(SDKROOT)/Developer/Library/Frameworks",
					"$(inherited)",
					"$(DEVELOPER_FRAMEWORKS_DIR)",
				);
				GCC_PRECOMPILE_PREFIX_HEADER = YES;
				GCC_PREFIX_HEADER = "df1-iosdemo/df1-iosdemo-Prefix.pch";
				GCC_PREPROCESSOR_DEFINITIONS = (
					"DEBUG=1",
					"$(inherited)",
				);
				INFOPLIST_FILE = "df1-iosdemoTests/df1-iosdemoTests-Info.plist";
				PRODUCT_NAME = "$(TARGET_NAME)";
				TEST_HOST = "$(BUNDLE_LOADER)";
				WRAPPER_EXTENSION = xctest;
			};
			name = Debug;
		};
		C56A3F2E18DF77B700DB2A5C /* Release */ = {
			isa = XCBuildConfiguration;
			buildSettings = {
				BUNDLE_LOADER = "$(BUILT_PRODUCTS_DIR)/df1-iosdemo.app/df1-iosdemo";
				FRAMEWORK_SEARCH_PATHS = (
					"$(SDKROOT)/Developer/Library/Frameworks",
					"$(inherited)",
					"$(DEVELOPER_FRAMEWORKS_DIR)",
				);
				GCC_PRECOMPILE_PREFIX_HEADER = YES;
				GCC_PREFIX_HEADER = "df1-iosdemo/df1-iosdemo-Prefix.pch";
				INFOPLIST_FILE = "df1-iosdemoTests/df1-iosdemoTests-Info.plist";
				PRODUCT_NAME = "$(TARGET_NAME)";
				TEST_HOST = "$(BUNDLE_LOADER)";
				WRAPPER_EXTENSION = xctest;
			};
			name = Release;
		};
/* End XCBuildConfiguration section */

/* Begin XCConfigurationList section */
		C56A3EEF18DF77B700DB2A5C /* Build configuration list for PBXProject "df1-iosdemo" */ = {
			isa = XCConfigurationList;
			buildConfigurations = (
				C56A3F2718DF77B700DB2A5C /* Debug */,
				C56A3F2818DF77B700DB2A5C /* Release */,
			);
			defaultConfigurationIsVisible = 0;
			defaultConfigurationName = Release;
		};
		C56A3F2918DF77B700DB2A5C /* Build configuration list for PBXNativeTarget "df1-iosdemo" */ = {
			isa = XCConfigurationList;
			buildConfigurations = (
				C56A3F2A18DF77B700DB2A5C /* Debug */,
				C56A3F2B18DF77B700DB2A5C /* Release */,
			);
			defaultConfigurationIsVisible = 0;
			defaultConfigurationName = Release;
		};
		C56A3F2C18DF77B700DB2A5C /* Build configuration list for PBXNativeTarget "df1-iosdemoTests" */ = {
			isa = XCConfigurationList;
			buildConfigurations = (
				C56A3F2D18DF77B700DB2A5C /* Debug */,
				C56A3F2E18DF77B700DB2A5C /* Release */,
			);
			defaultConfigurationIsVisible = 0;
			defaultConfigurationName = Release;
		};
/* End XCConfigurationList section */
	};
	rootObject = C56A3EEC18DF77B700DB2A5C /* Project object */;
}
